{
    "_meta": {
        "hash": {
            "sha256": "114a639d29c03a058d0dd0a778fb9b5811a2cb26975cca88f2745f7587c8fb08"
        },
        "pipfile-spec": 6,
        "requires": {},
        "sources": [
            {
                "name": "pypi",
                "url": "https://pypi.org/simple",
                "verify_ssl": true
            }
        ]
    },
    "default": {
        "asyncio-nats-client": {
            "hashes": [
                "sha256:ede58bda6560cf4206059799597be9be7ba28a479c4d118cf00bda6e4471bf2e"
            ],
            "index": "pypi",
            "version": "==0.11.4"
        },
        "cffi": {
            "hashes": [
                "sha256:00c878c90cb53ccfaae6b8bc18ad05d2036553e6d9d1d9dbcf323bbe83854ca3",
                "sha256:0104fb5ae2391d46a4cb082abdd5c69ea4eab79d8d44eaaf79f1b1fd806ee4c2",
                "sha256:06c48159c1abed75c2e721b1715c379fa3200c7784271b3c46df01383b593636",
                "sha256:0808014eb713677ec1292301ea4c81ad277b6cdf2fdd90fd540af98c0b101d20",
                "sha256:10dffb601ccfb65262a27233ac273d552ddc4d8ae1bf93b21c94b8511bffe728",
                "sha256:14cd121ea63ecdae71efa69c15c5543a4b5fbcd0bbe2aad864baca0063cecf27",
                "sha256:17771976e82e9f94976180f76468546834d22a7cc404b17c22df2a2c81db0c66",
                "sha256:181dee03b1170ff1969489acf1c26533710231c58f95534e3edac87fff06c443",
                "sha256:23cfe892bd5dd8941608f93348c0737e369e51c100d03718f108bf1add7bd6d0",
                "sha256:263cc3d821c4ab2213cbe8cd8b355a7f72a8324577dc865ef98487c1aeee2bc7",
                "sha256:2756c88cbb94231c7a147402476be2c4df2f6078099a6f4a480d239a8817ae39",
                "sha256:27c219baf94952ae9d50ec19651a687b826792055353d07648a5695413e0c605",
                "sha256:2a23af14f408d53d5e6cd4e3d9a24ff9e05906ad574822a10563efcef137979a",
                "sha256:31fb708d9d7c3f49a60f04cf5b119aeefe5644daba1cd2a0fe389b674fd1de37",
                "sha256:3415c89f9204ee60cd09b235810be700e993e343a408693e80ce7f6a40108029",
                "sha256:3773c4d81e6e818df2efbc7dd77325ca0dcb688116050fb2b3011218eda36139",
                "sha256:3b96a311ac60a3f6be21d2572e46ce67f09abcf4d09344c49274eb9e0bf345fc",
                "sha256:3f7d084648d77af029acb79a0ff49a0ad7e9d09057a9bf46596dac9514dc07df",
                "sha256:41d45de54cd277a7878919867c0f08b0cf817605e4eb94093e7516505d3c8d14",
                "sha256:4238e6dab5d6a8ba812de994bbb0a79bddbdf80994e4ce802b6f6f3142fcc880",
                "sha256:45db3a33139e9c8f7c09234b5784a5e33d31fd6907800b316decad50af323ff2",
                "sha256:45e8636704eacc432a206ac7345a5d3d2c62d95a507ec70d62f23cd91770482a",
                "sha256:4958391dbd6249d7ad855b9ca88fae690783a6be9e86df65865058ed81fc860e",
                "sha256:4a306fa632e8f0928956a41fa8e1d6243c71e7eb59ffbd165fc0b41e316b2474",
                "sha256:57e9ac9ccc3101fac9d6014fba037473e4358ef4e89f8e181f8951a2c0162024",
                "sha256:59888172256cac5629e60e72e86598027aca6bf01fa2465bdb676d37636573e8",
                "sha256:5e069f72d497312b24fcc02073d70cb989045d1c91cbd53979366077959933e0",
                "sha256:64d4ec9f448dfe041705426000cc13e34e6e5bb13736e9fd62e34a0b0c41566e",
                "sha256:6dc2737a3674b3e344847c8686cf29e500584ccad76204efea14f451d4cc669a",
                "sha256:74fdfdbfdc48d3f47148976f49fab3251e550a8720bebc99bf1483f5bfb5db3e",
                "sha256:75e4024375654472cc27e91cbe9eaa08567f7fbdf822638be2814ce059f58032",
                "sha256:786902fb9ba7433aae840e0ed609f45c7bcd4e225ebb9c753aa39725bb3e6ad6",
                "sha256:8b6c2ea03845c9f501ed1313e78de148cd3f6cad741a75d43a29b43da27f2e1e",
                "sha256:91d77d2a782be4274da750752bb1650a97bfd8f291022b379bb8e01c66b4e96b",
                "sha256:91ec59c33514b7c7559a6acda53bbfe1b283949c34fe7440bcf917f96ac0723e",
                "sha256:920f0d66a896c2d99f0adbb391f990a84091179542c205fa53ce5787aff87954",
                "sha256:a5263e363c27b653a90078143adb3d076c1a748ec9ecc78ea2fb916f9b861962",
                "sha256:abb9a20a72ac4e0fdb50dae135ba5e77880518e742077ced47eb1499e29a443c",
                "sha256:c2051981a968d7de9dd2d7b87bcb9c939c74a34626a6e2f8181455dd49ed69e4",
                "sha256:c21c9e3896c23007803a875460fb786118f0cdd4434359577ea25eb556e34c55",
                "sha256:c2502a1a03b6312837279c8c1bd3ebedf6c12c4228ddbad40912d671ccc8a962",
                "sha256:d4d692a89c5cf08a8557fdeb329b82e7bf609aadfaed6c0d79f5a449a3c7c023",
                "sha256:da5db4e883f1ce37f55c667e5c0de439df76ac4cb55964655906306918e7363c",
                "sha256:e7022a66d9b55e93e1a845d8c9eba2a1bebd4966cd8bfc25d9cd07d515b33fa6",
                "sha256:ef1f279350da2c586a69d32fc8733092fd32cc8ac95139a00377841f59a3f8d8",
                "sha256:f54a64f8b0c8ff0b64d18aa76675262e1700f3995182267998c31ae974fbc382",
                "sha256:f5c7150ad32ba43a07c4479f40241756145a1f03b43480e058cfd862bf5041c7",
                "sha256:f6f824dc3bce0edab5f427efcfb1d63ee75b6fcb7282900ccaf925be84efb0fc",
                "sha256:fd8a250edc26254fe5b33be00402e6d287f562b6a5b2152dec302fa15bb3e997",
                "sha256:ffaa5c925128e29efbde7301d8ecaf35c8c60ffbcd6a1ffd3a552177c8e5e796"
            ],
            "version": "==1.15.0"
        },
        "cryptography": {
            "hashes": [
                "sha256:0a7dcbcd3f1913f664aca35d47c1331fce738d44ec34b7be8b9d332151b0b01e",
                "sha256:1eb7bb0df6f6f583dd8e054689def236255161ebbcf62b226454ab9ec663746b",
                "sha256:21ca464b3a4b8d8e86ba0ee5045e103a1fcfac3b39319727bc0fc58c09c6aff7",
                "sha256:34dae04a0dce5730d8eb7894eab617d8a70d0c97da76b905de9efb7128ad7085",
                "sha256:3520667fda779eb788ea00080124875be18f2d8f0848ec00733c0ec3bb8219fc",
                "sha256:3c4129fc3fdc0fa8e40861b5ac0c673315b3c902bbdc05fc176764815b43dd1d",
                "sha256:3fa3a7ccf96e826affdf1a0a9432be74dc73423125c8f96a909e3835a5ef194a",
                "sha256:5b0fbfae7ff7febdb74b574055c7466da334a5371f253732d7e2e7525d570498",
                "sha256:695104a9223a7239d155d7627ad912953b540929ef97ae0c34c7b8bf30857e89",
                "sha256:8695456444f277af73a4877db9fc979849cd3ee74c198d04fc0776ebc3db52b9",
                "sha256:94cc5ed4ceaefcbe5bf38c8fba6a21fc1d365bb8fb826ea1688e3370b2e24a1c",
                "sha256:94fff993ee9bc1b2440d3b7243d488c6a3d9724cc2b09cdb297f6a886d040ef7",
                "sha256:9965c46c674ba8cc572bc09a03f4c649292ee73e1b683adb1ce81e82e9a6a0fb",
                "sha256:a00cf305f07b26c351d8d4e1af84ad7501eca8a342dedf24a7acb0e7b7406e14",
                "sha256:a305600e7a6b7b855cd798e00278161b681ad6e9b7eca94c721d5f588ab212af",
                "sha256:cd65b60cfe004790c795cc35f272e41a3df4631e2fb6b35aa7ac6ef2859d554e",
                "sha256:d2a6e5ef66503da51d2110edf6c403dc6b494cc0082f85db12f54e9c5d4c3ec5",
                "sha256:d9ec0e67a14f9d1d48dd87a2531009a9b251c02ea42851c060b25c782516ff06",
                "sha256:f44d141b8c4ea5eb4dbc9b3ad992d45580c1d22bf5e24363f2fbf50c2d7ae8a7"
            ],
            "markers": "python_version >= '3.6'",
            "version": "==3.4.8"
        },
        "emoji": {
            "hashes": [
                "sha256:53d61a8e4c025f6c295ab99c842302c66d47952199c4fde66dd060dee3ad4324"
            ],
            "index": "pypi",
            "version": "==1.6.1"
        },
        "httptools": {
            "hashes": [
                "sha256:04114db99605c9b56ea22a8ec4d7b1485b908128ed4f4a8f6438489c428da794",
                "sha256:074afd8afdeec0fa6786cd4a1676e0c0be23dc9a017a86647efa6b695168104f",
                "sha256:113816f9af7dcfc4aa71ebb5354d77365f666ecf96ac7ff2aa1d24b6bca44165",
                "sha256:1a8f26327023fa1a947d36e60a0582149e182fbbc949c8a65ec8665754dbbe69",
                "sha256:2119fa619a4c53311f594f25c0205d619350fcb32140ec5057f861952e9b2b4f",
                "sha256:21e948034f70e47c8abfa2d5e6f1a5661f87a2cddc7bcc70f61579cc87897c70",
                "sha256:32a10a5903b5bc0eb647d01cd1e95bec3bb614a9bf53f0af1e01360b2debdf81",
                "sha256:3787c1f46e9722ef7f07ea5c76b0103037483d1b12e34a02c53ceca5afa4e09a",
                "sha256:3f82eb106e1474c63dba36a176067e65b48385f4cecddf3616411aa5d1fbdfec",
                "sha256:3f9b4856d46ba1f0c850f4e84b264a9a8b4460acb20e865ec00978ad9fbaa4cf",
                "sha256:4137137de8976511a392e27bfdcf231bd926ac13d375e0414e927b08217d779e",
                "sha256:4687dfc116a9f1eb22a7d797f0dc6f6e17190d406ca4e729634b38aa98044b17",
                "sha256:47dba2345aaa01b87e4981e8756af441349340708d5b60712c98c55a4d28f4af",
                "sha256:5a836bd85ae1fb4304f674808488dae403e136d274aa5bafd0e6ee456f11c371",
                "sha256:6e676bc3bb911b11f3d7e2144b9a53600bf6b9b21e0e4437aa308e1eef094d97",
                "sha256:72ee0e3fb9c6437ab3ae34e9abee67fcee6876f4f58504e3f613dd5882aafdb7",
                "sha256:79717080dc3f8b1eeb7f820b9b81528acbc04be6041f323fdd97550da2062575",
                "sha256:8ac842df4fc3952efa7820b277961ea55e068bbc54cb59a0820400de7ae358d8",
                "sha256:9f475b642c48b1b78584bdd12a5143e2c512485664331eade9c29ef769a17598",
                "sha256:b8ac7dee63af4346e02b1e6d32202e3b5b3706a9928bec6da6d7a5b066217422",
                "sha256:c0ac2e0ce6733c55858932e7d37fcc7b67ba6bb23e9648593c55f663de031b93",
                "sha256:c14576b737d9e6e4f2a86af04918dbe9b62f57ce8102a8695c9a382dbe405c7f",
                "sha256:cdc3975db86c29817e6d13df14e037c931fc893a710fb71097777a4147090068",
                "sha256:eda95634027200f4b2a6d499e7c2e7fa9b8ee57e045dfda26958ea0af27c070b"
            ],
            "index": "pypi",
            "version": "==0.3.0"
        },
        "nassl": {
            "hashes": [
                "sha256:002aa5b3bedde14b3641e6726b76474da8eb1611ff37b32fed1c1011b7a5e31b",
                "sha256:0550c4c7aeee6611066867af12cc5446a861870fe127ff22a93c8c892f950537",
                "sha256:0f0a13be7c2ef64469a789d3797893fb6d2e058f61428d5e1021c78a8deda414",
                "sha256:19c26de1f28f90df7bc3ad740b89f39d5e3a218e8105f6543f90960c9805055c",
                "sha256:2268a426f6c2818ae6d00aece54c5acc86fb65b898c4d33fe95d39980fbd4fe0",
                "sha256:39da52cddea977bc2e97b474db5c253d9e1d76d932c9b2648ba457620659ff09",
                "sha256:3efb79507e66efc3cc003477cdc11bdc462a603659c07c7749c16bfdbfc1560b",
                "sha256:42c267dcb50b19a60bc5c112f20b0c7615666d0b31fa04233f06fde37c7eb66a",
                "sha256:4e1928e486e761b258db51741fccec79046e909c355e4d131e2ec9e5eb4accda",
                "sha256:5da38c4c84539903eadc8e1b0007d261f1bd5f5ec035199218682213f83736e0",
                "sha256:72731cd6dfe533ae328f15504cf524aaacf8f0a5ab1410b8c69a183c625be9ac",
                "sha256:7bad626cdf1393f37ff537ea0aff0922e5ae7544ed66f44e13d3260237c082b8",
                "sha256:7d17c08ebacafc94f8a56a36fbf1b970d806770e834eaa56db89190c649a9c2c",
                "sha256:8642a889b8ab4f2017b42881d91a6f2a5b3a0f8ee375511d5e87a3e4a54d3d43",
                "sha256:8b8f3650b1969ee6eccf134ede49a97ca0226b711b032356429838bb57c62f82",
                "sha256:c60e53e46dcc6f20d51681297ec92f2460be678e4d39ffa41b984443a33ced7d",
                "sha256:dfecd250eb7093eab84453a5b4af71928c33d08dc840f2a81cfb5df49a0c34fd",
                "sha256:e70780972f3171a98795c806d8c461536063881ee8de68dcc0dfc1788df4512f",
                "sha256:e99c0d22ed538eb88672f66cf9058512b87c8d5df2326089226082f25815e3b2"
            ],
            "markers": "python_version >= '3.7'",
            "version": "==4.0.0"
        },
        "pycparser": {
            "hashes": [
                "sha256:2d475327684562c3a96cc71adf7dc8c4f0565175cf86b6d7a404ff4c771f15f0",
                "sha256:7582ad22678f0fcd81102833f60ef8d0e57288b6b5fb00323d101be910e35705"
            ],
            "markers": "python_version >= '2.7' and python_version not in '3.0, 3.1, 3.2, 3.3'",
            "version": "==2.20"
        },
        "pynacl": {
            "hashes": [
                "sha256:06cbb4d9b2c4bd3c8dc0d267416aaed79906e7b33f114ddbf0911969794b1cc4",
                "sha256:11335f09060af52c97137d4ac54285bcb7df0cef29014a1a4efe64ac065434c4",
                "sha256:2fe0fc5a2480361dcaf4e6e7cea00e078fcda07ba45f811b167e3f99e8cff574",
                "sha256:30f9b96db44e09b3304f9ea95079b1b7316b2b4f3744fe3aaecccd95d547063d",
                "sha256:4e10569f8cbed81cb7526ae137049759d2a8d57726d52c1a000a3ce366779634",
                "sha256:511d269ee845037b95c9781aa702f90ccc36036f95d0f31373a6a79bd8242e25",
                "sha256:537a7ccbea22905a0ab36ea58577b39d1fa9b1884869d173b5cf111f006f689f",
                "sha256:54e9a2c849c742006516ad56a88f5c74bf2ce92c9f67435187c3c5953b346505",
                "sha256:757250ddb3bff1eecd7e41e65f7f833a8405fede0194319f87899690624f2122",
                "sha256:7757ae33dae81c300487591c68790dfb5145c7d03324000433d9a2c141f82af7",
                "sha256:7c6092102219f59ff29788860ccb021e80fffd953920c4a8653889c029b2d420",
                "sha256:8122ba5f2a2169ca5da936b2e5a511740ffb73979381b4229d9188f6dcb22f1f",
                "sha256:9c4a7ea4fb81536c1b1f5cc44d54a296f96ae78c1ebd2311bd0b60be45a48d96",
                "sha256:c914f78da4953b33d4685e3cdc7ce63401247a21425c16a39760e282075ac4a6",
                "sha256:cd401ccbc2a249a47a3a1724c2918fcd04be1f7b54eb2a5a71ff915db0ac51c6",
                "sha256:d452a6746f0a7e11121e64625109bc4468fc3100452817001dbe018bb8b08514",
                "sha256:ea6841bc3a76fa4942ce00f3bda7d436fda21e2d91602b9e21b7ca9ecab8f3ff",
                "sha256:f8851ab9041756003119368c1e6cd0b9c631f46d686b3904b18c0139f4419f80"
            ],
            "index": "pypi",
            "version": "==1.4.0"
        },
        "pyopenssl": {
            "hashes": [
                "sha256:5e2d8c5e46d0d865ae933bef5230090bdaf5506281e9eec60fa250ee80600cb3",
                "sha256:8935bd4920ab9abfebb07c41a4f58296407ed77f04bd1a92914044b848ba1ed6"
            ],
            "index": "pypi",
            "version": "==21.0.0"
        },
        "python-dotenv": {
            "hashes": [
                "sha256:14f8185cc8d494662683e6914addcb7e95374771e707601dfc70166946b4c4b8",
                "sha256:bbd3da593fc49c249397cbfbcc449cf36cb02e75afc8157fcc6a81df6fb7750a"
            ],
            "index": "pypi",
            "version": "==0.19.1"
        },
        "scapy": {
            "hashes": [
                "sha256:bc707e3604784496b6665a9e5b2a69c36cc9fb032af4864b29051531b24c8593"
            ],
            "index": "pypi",
            "version": "==2.4.5"
        },
        "setproctitle": {
            "hashes": [
                "sha256:077943272d0490b3f43d17379432d5e49c263f608fdf4cf624b419db762ca72b",
                "sha256:0d160d46c8f3567e0aa27b26b1f36e03122e3de475aacacc14a92b8fe45b648a",
                "sha256:0df728d0d350e6b1ad8436cc7add052faebca6f4d03257182d427d86d4422065",
                "sha256:17598f38be9ef499d74f2380bf76b558be72e87da75d66b153350e586649171b",
                "sha256:249526a06f16d493a2cb632abc1b1fdfaaa05776339a50dd9f27c941f6ff1383",
                "sha256:28b884e1cb9a53974e15838864283f9bad774b5c7db98c9609416bd123cb9fd1",
                "sha256:30bc7a769a4451639a0adcbc97bdf7a6e9ac0ef3ddad8d63eb1e338edb3ebeda",
                "sha256:3f6136966c81daaf5b4b010613fe33240a045a4036132ef040b623e35772d998",
                "sha256:4fc5bebd34f451dc87d2772ae6093adea1ea1dc29afc24641b250140decd23bb",
                "sha256:5260e8700c5793d48e79c5e607e8e552e795b698491a4b9bb9111eb74366a450",
                "sha256:7dfb472c8852403d34007e01d6e3c68c57eb66433fb8a5c77b13b89a160d97df",
                "sha256:9106bcbacae534b6f82955b176723f1b2ca6514518aab44dffec05a583f8dca8",
                "sha256:970798d948f0c90a3eb0f8750f08cb215b89dcbee1b55ffb353ad62d9361daeb",
                "sha256:a11d329f33221443317e2aeaee9442f22fcae25be3aa4fb8489e4f7b1f65cdd2",
                "sha256:ba1fb32e7267330bd9f72e69e076777a877f1cb9be5beac5e62d1279e305f37f",
                "sha256:bc4393576ed3ac87ddac7d1bd0faaa2fab24840a025cc5f3c21d14cf0c9c8a12",
                "sha256:c611f65bc9de5391a1514de556f71101e6531bb0715d240efd3e9732626d5c9e",
                "sha256:e13a5c1d9c369cb11cdfc4b75be432b83eb3205c95a69006008ffd4366f87b9e",
                "sha256:e696c93d93c23f377ccd2d72e38908d3dbfc90e45561602b805f53f2627d42ea",
                "sha256:e8ef655eab26e83ec105ce79036bb87e5f2bf8ba2d6f48afdd9595ef7647fcf4",
                "sha256:fbf914179dc4540ee6bfd8228b4cc1f1f6fb12dad66b72b5c9b955b222403220"
            ],
            "index": "pypi",
            "version": "==1.2.2"
        },
        "six": {
            "hashes": [
                "sha256:1e61c37477a1626458e36f7b1d82aa5c9b094fa4802892072e49de9c60c4c926",
                "sha256:8abb2f1d86890a2dfb989f9a77cfcfd3e47c2a354b01111771326f8aa26e0254"
            ],
            "markers": "python_version >= '2.7' and python_version not in '3.0, 3.1, 3.2, 3.3'",
            "version": "==1.16.0"
        },
        "sslyze": {
            "hashes": [
                "sha256:76a50297aa2e3f4d8e2660865ca648eff672b0a5967fa052bb26b8b05e0d3ff9"
            ],
            "index": "pypi",
            "version": "==4.1.0"
        },
        "tls-parser": {
            "hashes": [
                "sha256:83e4cb15b88b00fad1a856ff54731cc095c7e4f1ff90d09eaa24a5f48854da93"
            ],
            "version": "==1.2.2"
        }
    },
    "develop": {
        "attrs": {
            "hashes": [
                "sha256:149e90d6d8ac20db7a955ad60cf0e6881a3f20d37096140088356da6c716b0b1",
                "sha256:ef6aaac3ca6cd92904cdd0d83f629a15f18053ec84e6432106f7a4d04ae4f5fb"
            ],
            "markers": "python_version >= '2.7' and python_version not in '3.0, 3.1, 3.2, 3.3, 3.4'",
            "version": "==21.2.0"
        },
        "black": {
            "editable": true,
            "git": "https://github.com/psf/black.git",
            "ref": "a8b4665e7d6eb945c47820adb1a3f8b006adce0c"
        },
        "click": {
            "hashes": [
                "sha256:353f466495adaeb40b6b5f592f9f91cb22372351c84caeb068132442a4518ef3",
                "sha256:410e932b050f5eed773c4cda94de75971c89cdb3155a72a0831139a79e5ecb5b"
            ],
            "markers": "python_version >= '3.6'",
            "version": "==8.0.3"
        },
        "iniconfig": {
            "hashes": [
                "sha256:011e24c64b7f47f6ebd835bb12a743f2fbe9a26d4cecaa7f53bc4f35ee9da8b3",
                "sha256:bc3af051d7d14b2ee5ef9969666def0cd1a000e121eaea580d4a313df4b37f32"
            ],
            "version": "==1.1.1"
        },
        "mypy-extensions": {
            "hashes": [
                "sha256:090fedd75945a69ae91ce1303b5824f428daf5a028d2f6ab8a299250a846f15d",
                "sha256:2d82818f5bb3e369420cb3c4060a7970edba416647068eb4c5343488a6c604a8"
            ],
            "version": "==0.4.3"
        },
        "packaging": {
            "hashes": [
                "sha256:7dc96269f53a4ccec5c0670940a4281106dd0bb343f47b7471f779df49c2fbe7",
                "sha256:c86254f9220d55e31cc94d69bade760f0847da8000def4dfe1c6b872fd14ff14"
            ],
            "markers": "python_version >= '3.6'",
            "version": "==21.0"
        },
        "pathspec": {
            "hashes": [
                "sha256:7d15c4ddb0b5c802d161efc417ec1a2558ea2653c2e8ad9c19098201dc1c993a",
                "sha256:e564499435a2673d586f6b2130bb5b95f04a3ba06f81b8f895b651a3c76aabb1"
            ],
            "version": "==0.9.0"
        },
        "platformdirs": {
            "hashes": [
                "sha256:367a5e80b3d04d2428ffa76d33f124cf11e8fff2acdaa9b43d545f5c7d661ef2",
                "sha256:8868bbe3c3c80d42f20156f22e7131d2fb321f5bc86a2a345375c6481a67021d"
            ],
            "markers": "python_version >= '3.6'",
            "version": "==2.4.0"
        },
        "pluggy": {
            "hashes": [
                "sha256:4224373bacce55f955a878bf9cfa763c1e360858e330072059e10bad68531159",
                "sha256:74134bbf457f031a36d68416e1509f34bd5ccc019f0bcc952c7b909d06b37bd3"
            ],
            "markers": "python_version >= '3.6'",
            "version": "==1.0.0"
        },
        "py": {
            "hashes": [
                "sha256:21b81bda15b66ef5e1a777a21c4dcd9c20ad3efd0b3f817e7a809035269e1bd3",
                "sha256:3b80836aa6d1feeaa108e046da6423ab8f6ceda6468545ae8d02d9d58d18818a"
            ],
            "markers": "python_version >= '2.7' and python_version not in '3.0, 3.1, 3.2, 3.3'",
            "version": "==1.10.0"
        },
        "pyparsing": {
            "hashes": [
                "sha256:c203ec8783bf771a155b207279b9bccb8dea02d8f0c9e5f8ead507bc3246ecc1",
                "sha256:ef9d7589ef3c200abe66653d3f1ab1033c3c419ae9b9bdb1240a85b024efc88b"
            ],
            "markers": "python_version >= '2.6' and python_version not in '3.0, 3.1, 3.2, 3.3'",
            "version": "==2.4.7"
        },
        "pytest": {
            "hashes": [
                "sha256:131b36680866a76e6781d13f101efb86cf674ebb9762eb70d3082b6f29889e89",
                "sha256:7310f8d27bc79ced999e760ca304d69f6ba6c6649c0b60fb0e04a4a77cacc134"
            ],
            "index": "pypi",
            "version": "==6.2.5"
        },
        "regex": {
            "hashes": [
                "sha256:094a905e87a4171508c2a0e10217795f83c636ccc05ddf86e7272c26e14056ae",
                "sha256:09e1031e2059abd91177c302da392a7b6859ceda038be9e015b522a182c89e4f",
                "sha256:176796cb7f82a7098b0c436d6daac82f57b9101bb17b8e8119c36eecf06a60a3",
                "sha256:19b8f6d23b2dc93e8e1e7e288d3010e58fafed323474cf7f27ab9451635136d9",
                "sha256:1abbd95cbe9e2467cac65c77b6abd9223df717c7ae91a628502de67c73bf6838",
                "sha256:1ce02f420a7ec3b2480fe6746d756530f69769292eca363218c2291d0b116a01",
                "sha256:1f51926db492440e66c89cd2be042f2396cf91e5b05383acd7372b8cb7da373f",
                "sha256:26895d7c9bbda5c52b3635ce5991caa90fbb1ddfac9c9ff1c7ce505e2282fb2a",
                "sha256:2efd47704bbb016136fe34dfb74c805b1ef5c7313aef3ce6dcb5ff844299f432",
                "sha256:36c98b013273e9da5790ff6002ab326e3f81072b4616fd95f06c8fa733d2745f",
                "sha256:39079ebf54156be6e6902f5c70c078f453350616cfe7bfd2dd15bdb3eac20ccc",
                "sha256:3d52c5e089edbdb6083391faffbe70329b804652a53c2fdca3533e99ab0580d9",
                "sha256:45cb0f7ff782ef51bc79e227a87e4e8f24bc68192f8de4f18aae60b1d60bc152",
                "sha256:4786dae85c1f0624ac77cb3813ed99267c9adb72e59fdc7297e1cf4d6036d493",
                "sha256:51feefd58ac38eb91a21921b047da8644155e5678e9066af7bcb30ee0dca7361",
                "sha256:55ef044899706c10bc0aa052f2fc2e58551e2510694d6aae13f37c50f3f6ff61",
                "sha256:5e5796d2f36d3c48875514c5cd9e4325a1ca172fc6c78b469faa8ddd3d770593",
                "sha256:5f199419a81c1016e0560c39773c12f0bd924c37715bffc64b97140d2c314354",
                "sha256:5f55c4804797ef7381518e683249310f7f9646da271b71cb6b3552416c7894ee",
                "sha256:6dcf53d35850ce938b4f044a43b33015ebde292840cef3af2c8eb4c860730fff",
                "sha256:74e55f8d66f1b41d44bc44c891bcf2c7fad252f8f323ee86fba99d71fd1ad5e3",
                "sha256:7f125fce0a0ae4fd5c3388d369d7a7d78f185f904c90dd235f7ecf8fe13fa741",
                "sha256:82cfb97a36b1a53de32b642482c6c46b6ce80803854445e19bc49993655ebf3b",
                "sha256:88dc3c1acd3f0ecfde5f95c32fcb9beda709dbdf5012acdcf66acbc4794468eb",
                "sha256:924079d5590979c0e961681507eb1773a142553564ccae18d36f1de7324e71ca",
                "sha256:951be934dc25d8779d92b530e922de44dda3c82a509cdb5d619f3a0b1491fafa",
                "sha256:973499dac63625a5ef9dfa4c791aa33a502ddb7615d992bdc89cf2cc2285daa3",
                "sha256:981c786293a3115bc14c103086ae54e5ee50ca57f4c02ce7cf1b60318d1e8072",
                "sha256:9c070d5895ac6aeb665bd3cd79f673775caf8d33a0b569e98ac434617ecea57d",
                "sha256:9e3e2cea8f1993f476a6833ef157f5d9e8c75a59a8d8b0395a9a6887a097243b",
                "sha256:9e527ab1c4c7cf2643d93406c04e1d289a9d12966529381ce8163c4d2abe4faf",
                "sha256:a37305eb3199d8f0d8125ec2fb143ba94ff6d6d92554c4b8d4a8435795a6eccd",
                "sha256:aa0ab3530a279a3b7f50f852f1bab41bc304f098350b03e30a3876b7dd89840e",
                "sha256:b04e512eb628ea82ed86eb31c0f7fc6842b46bf2601b66b1356a7008327f7700",
                "sha256:b09d3904bf312d11308d9a2867427479d277365b1617e48ad09696fa7dfcdf59",
                "sha256:b0f2f874c6a157c91708ac352470cb3bef8e8814f5325e3c5c7a0533064c6a24",
                "sha256:b8b6ee6555b6fbae578f1468b3f685cdfe7940a65675611365a7ea1f8d724991",
                "sha256:b9b5c215f3870aa9b011c00daeb7be7e1ae4ecd628e9beb6d7e6107e07d81287",
                "sha256:c6569ba7b948c3d61d27f04e2b08ebee24fec9ff8e9ea154d8d1e975b175bfa7",
                "sha256:e2ec1c106d3f754444abf63b31e5c4f9b5d272272a491fa4320475aba9e8157c",
                "sha256:e4204708fa116dd03436a337e8e84261bc8051d058221ec63535c9403a1582a1",
                "sha256:ea8de658d7db5987b11097445f2b1f134400e2232cb40e614e5f7b6f5428710e",
                "sha256:f540f153c4f5617bc4ba6433534f8916d96366a08797cbbe4132c37b70403e92",
                "sha256:fab3ab8aedfb443abb36729410403f0fe7f60ad860c19a979d47fb3eb98ef820",
                "sha256:fb2baff66b7d2267e07ef71e17d01283b55b3cc51a81b54cc385e721ae172ba4",
                "sha256:fe6ce4f3d3c48f9f402da1ceb571548133d3322003ce01b20d960a82251695d2",
                "sha256:ff24897f6b2001c38a805d53b6ae72267025878d35ea225aa24675fbff2dba7f"
            ],
            "version": "==2021.10.8"
        },
        "toml": {
            "hashes": [
                "sha256:806143ae5bfb6a3c6e736a764057db0e6a0e05e338b5630894a5f779cabb4f9b",
                "sha256:b3bda1d108d5dd99f4a20d24d9c348e91c4db7ab1b749200bded2f839ccbe68f"
            ],
            "markers": "python_version >= '2.6' and python_version not in '3.0, 3.1, 3.2, 3.3'",
            "version": "==0.10.2"
        },
        "tomli": {
            "hashes": [
                "sha256:8dd0e9524d6f386271a36b41dbf6c57d8e32fd96fd22b6584679dc569d20899f",
                "sha256:a5b75cb6f3968abb47af1b40c1819dc519ea82bcc065776a866e8d74c5ca9442"
            ],
            "markers": "python_version >= '3.6'",
            "version": "==1.2.1"
        },
        "typing-extensions": {
            "hashes": [
                "sha256:49f75d16ff11f1cd258e1b988ccff82a3ca5570217d7ad8c5f48205dd99a677e",
                "sha256:d8226d10bc02a29bcc81df19a26e56a9647f8b0a6d4a83924139f4a8b01f17b7",
                "sha256:f1d25edafde516b146ecd0613dabcc61409817af4766fbbcfb8d1ad4ec441a34"
            ],
            "version": "==3.10.0.2"
        }
    }
}
