{
  "name": "schema-differ",
  "version": "1.0.0",
  "lockfileVersion": 1,
  "requires": true,
  "dependencies": {
    "@babel/code-frame": {
      "version": "7.8.3",
      "resolved": "https://registry.npmjs.org/@babel/code-frame/-/code-frame-7.8.3.tgz",
      "integrity": "sha512-a9gxpmdXtZEInkCSHUJDLHZVBgb1QS0jhss4cPP93EW7s+uC5bikET2twEF3KV+7rDblJcmNvTR7VJejqd2C2g==",
      "requires": {
        "@babel/highlight": "^7.8.3"
      }
    },
    "@babel/helper-validator-identifier": {
      "version": "7.9.0",
      "resolved": "https://registry.npmjs.org/@babel/helper-validator-identifier/-/helper-validator-identifier-7.9.0.tgz",
      "integrity": "sha512-6G8bQKjOh+of4PV/ThDm/rRqlU7+IGoJuofpagU5GlEl29Vv0RGqqt86ZGRV8ZuSOY3o+8yXl5y782SMcG7SHw=="
    },
    "@babel/highlight": {
      "version": "7.9.0",
      "resolved": "https://registry.npmjs.org/@babel/highlight/-/highlight-7.9.0.tgz",
      "integrity": "sha512-lJZPilxX7Op3Nv/2cvFdnlepPXDxi29wxteT57Q965oc5R9v86ztx0jfxVrTcBk8C2kcPkkDa2Z4T3ZsPPVWsQ==",
      "requires": {
        "@babel/helper-validator-identifier": "^7.9.0",
        "chalk": "^2.0.0",
        "js-tokens": "^4.0.0"
      }
    },
    "@graphql-toolkit/common": {
      "version": "0.10.2",
      "resolved": "https://registry.npmjs.org/@graphql-toolkit/common/-/common-0.10.2.tgz",
      "integrity": "sha512-vExjLcKOPG+Wv9P1/mP7P5nm3cWFwE3gAw+Ai4iHigcG+cLBUf8q6VgzyvUnVeL35urAeaRvi23kXXcGz+ITnw==",
      "requires": {
        "aggregate-error": "3.0.1",
        "camel-case": "4.1.1",
        "graphql-tools-fork": "9.0.1",
        "lodash": "4.17.15"
      }
    },
    "@graphql-toolkit/core": {
      "version": "0.10.2",
      "resolved": "https://registry.npmjs.org/@graphql-toolkit/core/-/core-0.10.2.tgz",
      "integrity": "sha512-/3eJLNL+CP1nG6Dqq0OpqnJ5qhH5p96Mn2QOJqcbIPSHFdDmeXFx+OeI4aLbeEtTkIms1Uwmtzv7hLVIGVPi7Q==",
      "requires": {
        "@graphql-toolkit/common": "0.10.2",
        "@graphql-toolkit/schema-merging": "0.10.2",
        "aggregate-error": "3.0.1",
        "globby": "11.0.0",
        "import-from": "^3.0.0",
        "is-glob": "4.0.1",
        "lodash": "4.17.15",
        "p-limit": "2.2.2",
        "resolve-from": "5.0.0",
        "tslib": "1.11.1",
        "unixify": "1.0.0",
        "valid-url": "1.0.9"
      }
    },
    "@graphql-toolkit/graphql-file-loader": {
      "version": "0.10.2",
      "resolved": "https://registry.npmjs.org/@graphql-toolkit/graphql-file-loader/-/graphql-file-loader-0.10.2.tgz",
      "integrity": "sha512-uhDMbXPfSTQwGi861qXSfYdJQEJ6DuFTLQAKTWd1BOwfwSuZYmbD8IY2/DQHrwGt2e3QGAhNB70H7T0lGqNrEQ==",
      "requires": {
        "@graphql-toolkit/common": "0.10.2",
        "tslib": "1.11.1"
      }
    },
    "@graphql-toolkit/json-file-loader": {
      "version": "0.10.2",
      "resolved": "https://registry.npmjs.org/@graphql-toolkit/json-file-loader/-/json-file-loader-0.10.2.tgz",
      "integrity": "sha512-bvsqAj5bQcfHX1rVh4qaC7LhoxkjskzqFX9iCFaIpqUrBcNXMIq5DXyPXw1ot82gJ7e1yZN32uXj0uxggKrJpA==",
      "requires": {
        "@graphql-toolkit/common": "0.10.2",
        "tslib": "1.11.1"
      }
    },
    "@graphql-toolkit/schema-merging": {
      "version": "0.10.2",
      "resolved": "https://registry.npmjs.org/@graphql-toolkit/schema-merging/-/schema-merging-0.10.2.tgz",
      "integrity": "sha512-U9ldlnyqq3Lx4lSK+7VyTKgOYqhmQYeDG5NzW4siVkW12az2pYFuspUFibXR4yjRdq8wCqDLjeEEXUSYFi5Nxg==",
      "requires": {
        "@graphql-toolkit/common": "0.10.2",
        "deepmerge": "4.2.2",
        "graphql-tools-fork": "9.0.1",
        "tslib": "1.11.1"
      }
    },
    "@graphql-toolkit/url-loader": {
      "version": "0.10.2",
      "resolved": "https://registry.npmjs.org/@graphql-toolkit/url-loader/-/url-loader-0.10.2.tgz",
      "integrity": "sha512-jpVGsbgdfB8Fu56xEDl424GdNnfCFahmo+7XL6CH73QNDHxnUx4dCU2Ibi9QqYissMhMjksYZcHmH4/kG4Id6Q==",
      "requires": {
        "@graphql-toolkit/common": "0.10.2",
        "cross-fetch": "3.0.4",
        "graphql-tools-fork": "9.0.1",
        "tslib": "1.11.1",
        "valid-url": "1.0.9"
      }
    },
    "@nodelib/fs.scandir": {
      "version": "2.1.3",
      "resolved": "https://registry.npmjs.org/@nodelib/fs.scandir/-/fs.scandir-2.1.3.tgz",
      "integrity": "sha512-eGmwYQn3gxo4r7jdQnkrrN6bY478C3P+a/y72IJukF8LjB6ZHeB3c+Ehacj3sYeSmUXGlnA67/PmbM9CVwL7Dw==",
      "requires": {
        "@nodelib/fs.stat": "2.0.3",
        "run-parallel": "^1.1.9"
      }
    },
    "@nodelib/fs.stat": {
      "version": "2.0.3",
      "resolved": "https://registry.npmjs.org/@nodelib/fs.stat/-/fs.stat-2.0.3.tgz",
      "integrity": "sha512-bQBFruR2TAwoevBEd/NWMoAAtNGzTRgdrqnYCc7dhzfoNvqPzLyqlEQnzZ3kVnNrSp25iyxE00/3h2fqGAGArA=="
    },
    "@nodelib/fs.walk": {
      "version": "1.2.4",
      "resolved": "https://registry.npmjs.org/@nodelib/fs.walk/-/fs.walk-1.2.4.tgz",
      "integrity": "sha512-1V9XOY4rDW0rehzbrcqAmHnz8e7SKvX27gh8Gt2WgB0+pdzdiLV83p72kZPU+jvMbS1qU5mauP2iOvO8rhmurQ==",
      "requires": {
        "@nodelib/fs.scandir": "2.1.3",
        "fastq": "^1.6.0"
      }
    },
    "@types/minimist": {
      "version": "1.2.0",
      "resolved": "https://registry.npmjs.org/@types/minimist/-/minimist-1.2.0.tgz",
      "integrity": "sha1-aaI6OtKcrwCX8G7aWbNh7i8GOfY="
    },
    "@types/normalize-package-data": {
      "version": "2.4.0",
      "resolved": "https://registry.npmjs.org/@types/normalize-package-data/-/normalize-package-data-2.4.0.tgz",
      "integrity": "sha512-f5j5b/Gf71L+dbqxIpQ4Z2WlmI/mPJ0fOkGGmFgtb6sAu97EPczzbS3/tJKxmcYDj55OX6ssqwDAWOHIYDRDGA=="
    },
    "@wry/equality": {
      "version": "0.1.11",
      "resolved": "https://registry.npmjs.org/@wry/equality/-/equality-0.1.11.tgz",
      "integrity": "sha512-mwEVBDUVODlsQQ5dfuLUS5/Tf7jqUKyhKYHmVi4fPB6bDMOfWvUPJmKgS1Z7Za/sOI3vzWt4+O7yCiL/70MogA==",
      "requires": {
        "tslib": "^1.9.3"
      }
    },
    "aggregate-error": {
      "version": "3.0.1",
      "resolved": "https://registry.npmjs.org/aggregate-error/-/aggregate-error-3.0.1.tgz",
      "integrity": "sha512-quoaXsZ9/BLNae5yiNoUz+Nhkwz83GhWwtYFglcjEQB2NDHCIpApbqXxIFnm4Pq/Nvhrsq5sYJFyohrrxnTGAA==",
      "requires": {
        "clean-stack": "^2.0.0",
        "indent-string": "^4.0.0"
      }
    },
    "ansi-styles": {
      "version": "3.2.1",
      "resolved": "https://registry.npmjs.org/ansi-styles/-/ansi-styles-3.2.1.tgz",
      "integrity": "sha512-VT0ZI6kZRdTh8YyJw3SMbYm/u+NqfsAxEpWO0Pf9sq8/e94WxxOpPKx9FR1FlyCtOVDNOQ+8ntlqFxiRc+r5qA==",
      "requires": {
        "color-convert": "^1.9.0"
      }
    },
    "apollo-link": {
      "version": "1.2.13",
      "resolved": "https://registry.npmjs.org/apollo-link/-/apollo-link-1.2.13.tgz",
      "integrity": "sha512-+iBMcYeevMm1JpYgwDEIDt/y0BB7VWyvlm/7x+TIPNLHCTCMgcEgDuW5kH86iQZWo0I7mNwQiTOz+/3ShPFmBw==",
      "requires": {
        "apollo-utilities": "^1.3.0",
        "ts-invariant": "^0.4.0",
        "tslib": "^1.9.3",
        "zen-observable-ts": "^0.8.20"
      }
    },
    "apollo-link-http-common": {
      "version": "0.2.15",
      "resolved": "https://registry.npmjs.org/apollo-link-http-common/-/apollo-link-http-common-0.2.15.tgz",
      "integrity": "sha512-+Heey4S2IPsPyTf8Ag3PugUupASJMW894iVps6hXbvwtg1aHSNMXUYO5VG7iRHkPzqpuzT4HMBanCTXPjtGzxg==",
      "requires": {
        "apollo-link": "^1.2.13",
        "ts-invariant": "^0.4.0",
        "tslib": "^1.9.3"
      }
    },
    "apollo-utilities": {
      "version": "1.3.3",
      "resolved": "https://registry.npmjs.org/apollo-utilities/-/apollo-utilities-1.3.3.tgz",
      "integrity": "sha512-F14aX2R/fKNYMvhuP2t9GD9fggID7zp5I96MF5QeKYWDWTrkRdHRp4+SVfXUVN+cXOaB/IebfvRtzPf25CM0zw==",
      "requires": {
        "@wry/equality": "^0.1.2",
        "fast-json-stable-stringify": "^2.0.0",
        "ts-invariant": "^0.4.0",
        "tslib": "^1.10.0"
      }
    },
    "array-union": {
      "version": "2.1.0",
      "resolved": "https://registry.npmjs.org/array-union/-/array-union-2.1.0.tgz",
      "integrity": "sha512-HGyxoOTYUyCM6stUe6EJgnd4EoewAI7zMdfqO+kGjnlZmBDz/cR5pf8r/cR4Wq60sL/p0IkcjUEEPwS3GFrIyw=="
    },
    "arrify": {
      "version": "1.0.1",
      "resolved": "https://registry.npmjs.org/arrify/-/arrify-1.0.1.tgz",
      "integrity": "sha1-iYUI2iIm84DfkEcoRWhJwVAaSw0="
    },
    "asynckit": {
      "version": "0.4.0",
      "resolved": "https://registry.npmjs.org/asynckit/-/asynckit-0.4.0.tgz",
      "integrity": "sha1-x57Zf380y48robyXkLzDZkdLS3k="
    },
    "braces": {
      "version": "3.0.2",
      "resolved": "https://registry.npmjs.org/braces/-/braces-3.0.2.tgz",
      "integrity": "sha512-b8um+L1RzM3WDSzvhm6gIz1yfTbBt6YTlcEKAvsmqCZZFw46z626lVj9j1yEPW33H5H+lBQpZMP1k8l+78Ha0A==",
      "requires": {
        "fill-range": "^7.0.1"
      }
    },
    "camel-case": {
      "version": "4.1.1",
      "resolved": "https://registry.npmjs.org/camel-case/-/camel-case-4.1.1.tgz",
      "integrity": "sha512-7fa2WcG4fYFkclIvEmxBbTvmibwF2/agfEBc6q3lOpVu0A13ltLsA+Hr/8Hp6kp5f+G7hKi6t8lys6XxP+1K6Q==",
      "requires": {
        "pascal-case": "^3.1.1",
        "tslib": "^1.10.0"
      }
    },
    "camelcase": {
      "version": "5.3.1",
      "resolved": "https://registry.npmjs.org/camelcase/-/camelcase-5.3.1.tgz",
      "integrity": "sha512-L28STB170nwWS63UjtlEOE3dldQApaJXZkOI1uMFfzf3rRuPegHaHesyee+YxQ+W6SvRDQV6UrdOdRiR153wJg=="
    },
    "camelcase-keys": {
      "version": "6.2.2",
      "resolved": "https://registry.npmjs.org/camelcase-keys/-/camelcase-keys-6.2.2.tgz",
      "integrity": "sha512-YrwaA0vEKazPBkn0ipTiMpSajYDSe+KjQfrjhcBMxJt/znbvlHd8Pw/Vamaz5EB4Wfhs3SUR3Z9mwRu/P3s3Yg==",
      "requires": {
        "camelcase": "^5.3.1",
        "map-obj": "^4.0.0",
        "quick-lru": "^4.0.1"
      }
    },
    "chalk": {
      "version": "2.4.2",
      "resolved": "https://registry.npmjs.org/chalk/-/chalk-2.4.2.tgz",
      "integrity": "sha512-Mti+f9lpJNcwF4tWV8/OrTTtF1gZi+f8FqlyAdouralcFWFQWF2+NgCHShjkCb+IFBLq9buZwE1xckQU4peSuQ==",
      "requires": {
        "ansi-styles": "^3.2.1",
        "escape-string-regexp": "^1.0.5",
        "supports-color": "^5.3.0"
      }
    },
    "clean-stack": {
      "version": "2.2.0",
      "resolved": "https://registry.npmjs.org/clean-stack/-/clean-stack-2.2.0.tgz",
      "integrity": "sha512-4diC9HaTE+KRAMWhDhrGOECgWZxoevMc5TlkObMqNSsVU62PYzXZ/SMTjzyGAFF1YusgxGcSWTEXBhp0CPwQ1A=="
    },
    "color-convert": {
      "version": "1.9.3",
      "resolved": "https://registry.npmjs.org/color-convert/-/color-convert-1.9.3.tgz",
      "integrity": "sha512-QfAUtd+vFdAtFQcC8CCyYt1fYWxSqAiK2cSD6zDB8N3cpsEBAvRxp9zOGg6G/SHHJYAT88/az/IuDGALsNVbGg==",
      "requires": {
        "color-name": "1.1.3"
      }
    },
    "color-name": {
      "version": "1.1.3",
      "resolved": "https://registry.npmjs.org/color-name/-/color-name-1.1.3.tgz",
      "integrity": "sha1-p9BVi9icQveV3UIyj3QIMcpTvCU="
    },
    "combined-stream": {
      "version": "1.0.8",
      "resolved": "https://registry.npmjs.org/combined-stream/-/combined-stream-1.0.8.tgz",
      "integrity": "sha512-FQN4MRfuJeHf7cBbBMJFXhKSDq+2kAArBlmRBvcvFE5BB1HZKXtSFASDhdlz9zOYwxh8lDdnvmMOe/+5cdoEdg==",
      "requires": {
        "delayed-stream": "~1.0.0"
      }
    },
    "cross-fetch": {
      "version": "3.0.4",
      "resolved": "https://registry.npmjs.org/cross-fetch/-/cross-fetch-3.0.4.tgz",
      "integrity": "sha512-MSHgpjQqgbT/94D4CyADeNoYh52zMkCX4pcJvPP5WqPsLFMKjr2TCMg381ox5qI0ii2dPwaLx/00477knXqXVw==",
      "requires": {
        "node-fetch": "2.6.0",
        "whatwg-fetch": "3.0.0"
      }
    },
    "decamelize": {
      "version": "1.2.0",
      "resolved": "https://registry.npmjs.org/decamelize/-/decamelize-1.2.0.tgz",
      "integrity": "sha1-9lNNFRSCabIDUue+4m9QH5oZEpA="
    },
    "decamelize-keys": {
      "version": "1.1.0",
      "resolved": "https://registry.npmjs.org/decamelize-keys/-/decamelize-keys-1.1.0.tgz",
      "integrity": "sha1-0XGoeTMlKAfrPLYdwcFEXQeN8tk=",
      "requires": {
        "decamelize": "^1.1.0",
        "map-obj": "^1.0.0"
      },
      "dependencies": {
        "map-obj": {
          "version": "1.0.1",
          "resolved": "https://registry.npmjs.org/map-obj/-/map-obj-1.0.1.tgz",
          "integrity": "sha1-2TPOuSBdgr3PSIb2dCvcK03qFG0="
        }
      }
    },
    "deepmerge": {
      "version": "4.2.2",
      "resolved": "https://registry.npmjs.org/deepmerge/-/deepmerge-4.2.2.tgz",
      "integrity": "sha512-FJ3UgI4gIl+PHZm53knsuSFpE+nESMr7M4v9QcgB7S63Kj/6WqMiFQJpBBYz1Pt+66bZpP3Q7Lye0Oo9MPKEdg=="
    },
    "delayed-stream": {
      "version": "1.0.0",
      "resolved": "https://registry.npmjs.org/delayed-stream/-/delayed-stream-1.0.0.tgz",
      "integrity": "sha1-3zrhmayt+31ECqrgsp4icrJOxhk="
    },
    "deprecated-decorator": {
      "version": "0.1.6",
      "resolved": "https://registry.npmjs.org/deprecated-decorator/-/deprecated-decorator-0.1.6.tgz",
      "integrity": "sha1-AJZjF7ehL+kvPMgx91g68ym4bDc="
    },
    "dir-glob": {
      "version": "3.0.1",
      "resolved": "https://registry.npmjs.org/dir-glob/-/dir-glob-3.0.1.tgz",
      "integrity": "sha512-WkrWp9GR4KXfKGYzOLmTuGVi1UWFfws377n9cc55/tb6DuqyF6pcQ5AbiHEshaDpY9v6oaSr2XCDidGmMwdzIA==",
      "requires": {
        "path-type": "^4.0.0"
      }
    },
    "error-ex": {
      "version": "1.3.2",
      "resolved": "https://registry.npmjs.org/error-ex/-/error-ex-1.3.2.tgz",
      "integrity": "sha512-7dFHNmqeFSEt2ZBsCriorKnn3Z2pj+fd9kmI6QoWw4//DL+icEBfc0U7qJCisqrTsKTjw4fNFy2pW9OqStD84g==",
      "requires": {
        "is-arrayish": "^0.2.1"
      }
    },
    "escape-string-regexp": {
      "version": "1.0.5",
      "resolved": "https://registry.npmjs.org/escape-string-regexp/-/escape-string-regexp-1.0.5.tgz",
      "integrity": "sha1-G2HAViGQqN/2rjuyzwIAyhMLhtQ="
    },
    "extract-files": {
      "version": "7.0.0",
      "resolved": "https://registry.npmjs.org/extract-files/-/extract-files-7.0.0.tgz",
      "integrity": "sha512-3AUlT7TD+DbQXNe3t70QrgJU6Wgcp7rk1Zm0vqWz8OYnw4vxihgG0TgZ2SIGrVqScc4WfOu7B4a0BezGJ0YqvQ=="
    },
    "fast-glob": {
      "version": "3.2.2",
      "resolved": "https://registry.npmjs.org/fast-glob/-/fast-glob-3.2.2.tgz",
      "integrity": "sha512-UDV82o4uQyljznxwMxyVRJgZZt3O5wENYojjzbaGEGZgeOxkLFf+V4cnUD+krzb2F72E18RhamkMZ7AdeggF7A==",
      "requires": {
        "@nodelib/fs.stat": "^2.0.2",
        "@nodelib/fs.walk": "^1.2.3",
        "glob-parent": "^5.1.0",
        "merge2": "^1.3.0",
        "micromatch": "^4.0.2",
        "picomatch": "^2.2.1"
      }
    },
    "fast-json-stable-stringify": {
      "version": "2.1.0",
      "resolved": "https://registry.npmjs.org/fast-json-stable-stringify/-/fast-json-stable-stringify-2.1.0.tgz",
      "integrity": "sha512-lhd/wF+Lk98HZoTCtlVraHtfh5XYijIjalXck7saUtuanSDyLMxnHhSXEDJqHxD7msR8D0uCmqlkwjCV8xvwHw=="
    },
    "fastq": {
      "version": "1.7.0",
      "resolved": "https://registry.npmjs.org/fastq/-/fastq-1.7.0.tgz",
      "integrity": "sha512-YOadQRnHd5q6PogvAR/x62BGituF2ufiEA6s8aavQANw5YKHERI4AREboX6KotzP8oX2klxYF2wcV/7bn1clfQ==",
      "requires": {
        "reusify": "^1.0.4"
      }
    },
    "fill-range": {
      "version": "7.0.1",
      "resolved": "https://registry.npmjs.org/fill-range/-/fill-range-7.0.1.tgz",
      "integrity": "sha512-qOo9F+dMUmC2Lcb4BbVvnKJxTPjCm+RRpe4gDuGrzkL7mEVl/djYSu2OdQ2Pa302N4oqkSg9ir6jaLWJ2USVpQ==",
      "requires": {
        "to-regex-range": "^5.0.1"
      }
    },
    "find-up": {
      "version": "4.1.0",
      "resolved": "https://registry.npmjs.org/find-up/-/find-up-4.1.0.tgz",
      "integrity": "sha512-PpOwAdQ/YlXQ2vj8a3h8IipDuYRi3wceVQQGYWxNINccq40Anw7BlsEXCMbt1Zt+OLA6Fq9suIpIWD0OsnISlw==",
      "requires": {
        "locate-path": "^5.0.0",
        "path-exists": "^4.0.0"
      }
    },
    "form-data": {
      "version": "3.0.0",
      "resolved": "https://registry.npmjs.org/form-data/-/form-data-3.0.0.tgz",
      "integrity": "sha512-CKMFDglpbMi6PyN+brwB9Q/GOw0eAnsrEZDgcsH5Krhz5Od/haKHAX0NmQfha2zPPz0JpWzA7GJHGSnvCRLWsg==",
      "requires": {
        "asynckit": "^0.4.0",
        "combined-stream": "^1.0.8",
        "mime-types": "^2.1.12"
      }
    },
    "glob-parent": {
      "version": "5.1.1",
      "resolved": "https://registry.npmjs.org/glob-parent/-/glob-parent-5.1.1.tgz",
      "integrity": "sha512-FnI+VGOpnlGHWZxthPGR+QhR78fuiK0sNLkHQv+bL9fQi57lNNdquIbna/WrfROrolq8GK5Ek6BiMwqL/voRYQ==",
      "requires": {
        "is-glob": "^4.0.1"
      }
    },
    "globby": {
      "version": "11.0.0",
      "resolved": "https://registry.npmjs.org/globby/-/globby-11.0.0.tgz",
      "integrity": "sha512-iuehFnR3xu5wBBtm4xi0dMe92Ob87ufyu/dHwpDYfbcpYpIbrO5OnS8M1vWvrBhSGEJ3/Ecj7gnX76P8YxpPEg==",
      "requires": {
        "array-union": "^2.1.0",
        "dir-glob": "^3.0.1",
        "fast-glob": "^3.1.1",
        "ignore": "^5.1.4",
        "merge2": "^1.3.0",
        "slash": "^3.0.0"
      }
    },
    "graphql": {
      "version": "15.0.0",
      "resolved": "https://registry.npmjs.org/graphql/-/graphql-15.0.0.tgz",
      "integrity": "sha512-ZyVO1xIF9F+4cxfkdhOJINM+51B06Friuv4M66W7HzUOeFd+vNzUn4vtswYINPi6sysjf1M2Ri/rwZALqgwbaQ=="
    },
    "graphql-tools-fork": {
      "version": "9.0.1",
      "resolved": "https://registry.npmjs.org/graphql-tools-fork/-/graphql-tools-fork-9.0.1.tgz",
      "integrity": "sha512-kM6mUNVekgnWKtVqLGQ9HvQqQ3zZVPZRg1esltBoohsbUMaChl+9QkjBjoMxnZPnbTGOOGGagopNBQALIBysNg==",
      "requires": {
        "apollo-link": "^1.2.13",
        "apollo-link-http-common": "^0.2.15",
        "deprecated-decorator": "^0.1.6",
        "extract-files": "^7.0.0",
        "form-data": "^3.0.0",
        "iterall": "^1.3.0",
        "node-fetch": "^2.6.0",
        "uuid": "^7.0.2"
      }
    },
    "hard-rejection": {
      "version": "2.1.0",
      "resolved": "https://registry.npmjs.org/hard-rejection/-/hard-rejection-2.1.0.tgz",
      "integrity": "sha512-VIZB+ibDhx7ObhAe7OVtoEbuP4h/MuOTHJ+J8h/eBXotJYl0fBgR72xDFCKgIh22OJZIOVNxBMWuhAr10r8HdA=="
    },
    "has-flag": {
      "version": "3.0.0",
      "resolved": "https://registry.npmjs.org/has-flag/-/has-flag-3.0.0.tgz",
      "integrity": "sha1-tdRU3CGZriJWmfNGfloH87lVuv0="
    },
    "hosted-git-info": {
      "version": "2.8.8",
      "resolved": "https://registry.npmjs.org/hosted-git-info/-/hosted-git-info-2.8.8.tgz",
      "integrity": "sha512-f/wzC2QaWBs7t9IYqB4T3sR1xviIViXJRJTWBlx2Gf3g0Xi5vI7Yy4koXQ1c9OYDGHN9sBy1DQ2AB8fqZBWhUg=="
    },
    "ignore": {
      "version": "5.1.4",
      "resolved": "https://registry.npmjs.org/ignore/-/ignore-5.1.4.tgz",
      "integrity": "sha512-MzbUSahkTW1u7JpKKjY7LCARd1fU5W2rLdxlM4kdkayuCwZImjkpluF9CM1aLewYJguPDqewLam18Y6AU69A8A=="
    },
    "import-from": {
      "version": "3.0.0",
      "resolved": "https://registry.npmjs.org/import-from/-/import-from-3.0.0.tgz",
      "integrity": "sha512-CiuXOFFSzkU5x/CR0+z7T91Iht4CXgfCxVOFRhh2Zyhg5wOpWvvDLQUsWl+gcN+QscYBjez8hDCt85O7RLDttQ==",
      "requires": {
        "resolve-from": "^5.0.0"
      }
    },
    "indent-string": {
      "version": "4.0.0",
      "resolved": "https://registry.npmjs.org/indent-string/-/indent-string-4.0.0.tgz",
      "integrity": "sha512-EdDDZu4A2OyIK7Lr/2zG+w5jmbuk1DVBnEwREQvBzspBJkCEbRa8GxU1lghYcaGJCnRWibjDXlq779X1/y5xwg=="
    },
    "is-arrayish": {
      "version": "0.2.1",
      "resolved": "https://registry.npmjs.org/is-arrayish/-/is-arrayish-0.2.1.tgz",
      "integrity": "sha1-d8mYQFJ6qOyxqLppe4BkWnqSap0="
    },
    "is-extglob": {
      "version": "2.1.1",
      "resolved": "https://registry.npmjs.org/is-extglob/-/is-extglob-2.1.1.tgz",
      "integrity": "sha1-qIwCU1eR8C7TfHahueqXc8gz+MI="
    },
    "is-glob": {
      "version": "4.0.1",
      "resolved": "https://registry.npmjs.org/is-glob/-/is-glob-4.0.1.tgz",
      "integrity": "sha512-5G0tKtBTFImOqDnLB2hG6Bp2qcKEFduo4tZu9MT/H6NQv/ghhy30o55ufafxJ/LdH79LLs2Kfrn85TLKyA7BUg==",
      "requires": {
        "is-extglob": "^2.1.1"
      }
    },
    "is-number": {
      "version": "7.0.0",
      "resolved": "https://registry.npmjs.org/is-number/-/is-number-7.0.0.tgz",
      "integrity": "sha512-41Cifkg6e8TylSpdtTpeLVMqvSBEVzTttHvERD741+pnZ8ANv0004MRL43QKPDlK9cGvNp6NZWZUBlbGXYxxng=="
    },
    "is-plain-obj": {
      "version": "1.1.0",
      "resolved": "https://registry.npmjs.org/is-plain-obj/-/is-plain-obj-1.1.0.tgz",
      "integrity": "sha1-caUMhCnfync8kqOQpKA7OfzVHT4="
    },
    "iterall": {
      "version": "1.3.0",
      "resolved": "https://registry.npmjs.org/iterall/-/iterall-1.3.0.tgz",
      "integrity": "sha512-QZ9qOMdF+QLHxy1QIpUHUU1D5pS2CG2P69LF6L6CPjPYA/XMOmKV3PZpawHoAjHNyB0swdVTRxdYT4tbBbxqwg=="
    },
    "js-tokens": {
      "version": "4.0.0",
      "resolved": "https://registry.npmjs.org/js-tokens/-/js-tokens-4.0.0.tgz",
      "integrity": "sha512-RdJUflcE3cUzKiMqQgsCu06FPu9UdIJO0beYbPhHN4k6apgJtifcoCtT9bcxOpYBtpD2kCM6Sbzg4CausW/PKQ=="
    },
    "json-parse-better-errors": {
      "version": "1.0.2",
      "resolved": "https://registry.npmjs.org/json-parse-better-errors/-/json-parse-better-errors-1.0.2.tgz",
      "integrity": "sha512-mrqyZKfX5EhL7hvqcV6WG1yYjnjeuYDzDhhcAAUrq8Po85NBQBJP+ZDUT75qZQ98IkUoBqdkExkukOU7Ts2wrw=="
    },
    "lines-and-columns": {
      "version": "1.1.6",
      "resolved": "https://registry.npmjs.org/lines-and-columns/-/lines-and-columns-1.1.6.tgz",
      "integrity": "sha1-HADHQ7QzzQpOgHWPe2SldEDZ/wA="
    },
    "locate-path": {
      "version": "5.0.0",
      "resolved": "https://registry.npmjs.org/locate-path/-/locate-path-5.0.0.tgz",
      "integrity": "sha512-t7hw9pI+WvuwNJXwk5zVHpyhIqzg2qTlklJOf0mVxGSbe3Fp2VieZcduNYjaLDoy6p9uGpQEGWG87WpMKlNq8g==",
      "requires": {
        "p-locate": "^4.1.0"
      }
    },
    "lodash": {
      "version": "4.17.15",
      "resolved": "https://registry.npmjs.org/lodash/-/lodash-4.17.15.tgz",
      "integrity": "sha512-8xOcRHvCjnocdS5cpwXQXVzmmh5e5+saE2QGoeQmbKmRS6J3VQppPOIt0MnmE+4xlZoumy0GPG0D0MVIQbNA1A=="
    },
    "lower-case": {
      "version": "2.0.1",
      "resolved": "https://registry.npmjs.org/lower-case/-/lower-case-2.0.1.tgz",
      "integrity": "sha512-LiWgfDLLb1dwbFQZsSglpRj+1ctGnayXz3Uv0/WO8n558JycT5fg6zkNcnW0G68Nn0aEldTFeEfmjCfmqry/rQ==",
      "requires": {
        "tslib": "^1.10.0"
      }
    },
    "map-obj": {
      "version": "4.1.0",
      "resolved": "https://registry.npmjs.org/map-obj/-/map-obj-4.1.0.tgz",
      "integrity": "sha512-glc9y00wgtwcDmp7GaE/0b0OnxpNJsVf3ael/An6Fe2Q51LLwN1er6sdomLRzz5h0+yMpiYLhWYF5R7HeqVd4g=="
    },
    "meow": {
      "version": "6.1.0",
      "resolved": "https://registry.npmjs.org/meow/-/meow-6.1.0.tgz",
      "integrity": "sha512-iIAoeI01v6pmSfObAAWFoITAA4GgiT45m4SmJgoxtZfvI0fyZwhV4d0lTwiUXvAKIPlma05Feb2Xngl52Mj5Cg==",
      "requires": {
        "@types/minimist": "^1.2.0",
        "camelcase-keys": "^6.1.1",
        "decamelize-keys": "^1.1.0",
        "hard-rejection": "^2.0.0",
        "minimist-options": "^4.0.1",
        "normalize-package-data": "^2.5.0",
        "read-pkg-up": "^7.0.0",
        "redent": "^3.0.0",
        "trim-newlines": "^3.0.0",
        "type-fest": "^0.8.1",
        "yargs-parser": "^18.1.1"
      }
    },
    "merge2": {
      "version": "1.3.0",
      "resolved": "https://registry.npmjs.org/merge2/-/merge2-1.3.0.tgz",
      "integrity": "sha512-2j4DAdlBOkiSZIsaXk4mTE3sRS02yBHAtfy127xRV3bQUFqXkjHCHLW6Scv7DwNRbIWNHH8zpnz9zMaKXIdvYw=="
    },
    "micromatch": {
      "version": "4.0.2",
      "resolved": "https://registry.npmjs.org/micromatch/-/micromatch-4.0.2.tgz",
      "integrity": "sha512-y7FpHSbMUMoyPbYUSzO6PaZ6FyRnQOpHuKwbo1G+Knck95XVU4QAiKdGEnj5wwoS7PlOgthX/09u5iFJ+aYf5Q==",
      "requires": {
        "braces": "^3.0.1",
        "picomatch": "^2.0.5"
      }
    },
    "mime-db": {
      "version": "1.43.0",
      "resolved": "https://registry.npmjs.org/mime-db/-/mime-db-1.43.0.tgz",
      "integrity": "sha512-+5dsGEEovYbT8UY9yD7eE4XTc4UwJ1jBYlgaQQF38ENsKR3wj/8q8RFZrF9WIZpB2V1ArTVFUva8sAul1NzRzQ=="
    },
    "mime-types": {
      "version": "2.1.26",
      "resolved": "https://registry.npmjs.org/mime-types/-/mime-types-2.1.26.tgz",
      "integrity": "sha512-01paPWYgLrkqAyrlDorC1uDwl2p3qZT7yl806vW7DvDoxwXi46jsjFbg+WdwotBIk6/MbEhO/dh5aZ5sNj/dWQ==",
      "requires": {
        "mime-db": "1.43.0"
      }
    },
    "min-indent": {
      "version": "1.0.0",
      "resolved": "https://registry.npmjs.org/min-indent/-/min-indent-1.0.0.tgz",
      "integrity": "sha1-z8RcN+nsDY8KDsPdTvf3w6vjklY="
    },
    "minimist-options": {
      "version": "4.0.2",
      "resolved": "https://registry.npmjs.org/minimist-options/-/minimist-options-4.0.2.tgz",
      "integrity": "sha512-seq4hpWkYSUh1y7NXxzucwAN9yVlBc3Upgdjz8vLCP97jG8kaOmzYrVH/m7tQ1NYD1wdtZbSLfdy4zFmRWuc/w==",
      "requires": {
        "arrify": "^1.0.1",
        "is-plain-obj": "^1.1.0"
      }
    },
    "no-case": {
      "version": "3.0.3",
      "resolved": "https://registry.npmjs.org/no-case/-/no-case-3.0.3.tgz",
      "integrity": "sha512-ehY/mVQCf9BL0gKfsJBvFJen+1V//U+0HQMPrWct40ixE4jnv0bfvxDbWtAHL9EcaPEOJHVVYKoQn1TlZUB8Tw==",
      "requires": {
        "lower-case": "^2.0.1",
        "tslib": "^1.10.0"
      }
    },
    "node-fetch": {
      "version": "2.6.0",
      "resolved": "https://registry.npmjs.org/node-fetch/-/node-fetch-2.6.0.tgz",
      "integrity": "sha512-8dG4H5ujfvFiqDmVu9fQ5bOHUC15JMjMY/Zumv26oOvvVJjM67KF8koCWIabKQ1GJIa9r2mMZscBq/TbdOcmNA=="
    },
    "normalize-package-data": {
      "version": "2.5.0",
      "resolved": "https://registry.npmjs.org/normalize-package-data/-/normalize-package-data-2.5.0.tgz",
      "integrity": "sha512-/5CMN3T0R4XTj4DcGaexo+roZSdSFW/0AOOTROrjxzCG1wrWXEsGbRKevjlIL+ZDE4sZlJr5ED4YW0yqmkK+eA==",
      "requires": {
        "hosted-git-info": "^2.1.4",
        "resolve": "^1.10.0",
        "semver": "2 || 3 || 4 || 5",
        "validate-npm-package-license": "^3.0.1"
      }
    },
    "normalize-path": {
      "version": "2.1.1",
      "resolved": "https://registry.npmjs.org/normalize-path/-/normalize-path-2.1.1.tgz",
      "integrity": "sha1-GrKLVW4Zg2Oowab35vogE3/mrtk=",
      "requires": {
        "remove-trailing-separator": "^1.0.1"
      }
    },
    "p-limit": {
      "version": "2.2.2",
      "resolved": "https://registry.npmjs.org/p-limit/-/p-limit-2.2.2.tgz",
      "integrity": "sha512-WGR+xHecKTr7EbUEhyLSh5Dube9JtdiG78ufaeLxTgpudf/20KqyMioIUZJAezlTIi6evxuoUs9YXc11cU+yzQ==",
      "requires": {
        "p-try": "^2.0.0"
      }
    },
    "p-locate": {
      "version": "4.1.0",
      "resolved": "https://registry.npmjs.org/p-locate/-/p-locate-4.1.0.tgz",
      "integrity": "sha512-R79ZZ/0wAxKGu3oYMlz8jy/kbhsNrS7SKZ7PxEHBgJ5+F2mtFW2fK2cOtBh1cHYkQsbzFV7I+EoRKe6Yt0oK7A==",
      "requires": {
        "p-limit": "^2.2.0"
      }
    },
    "p-try": {
      "version": "2.2.0",
      "resolved": "https://registry.npmjs.org/p-try/-/p-try-2.2.0.tgz",
      "integrity": "sha512-R4nPAVTAU0B9D35/Gk3uJf/7XYbQcyohSKdvAxIRSNghFl4e71hVoGnBNQz9cWaXxO2I10KTC+3jMdvvoKw6dQ=="
    },
    "parse-json": {
      "version": "5.0.0",
      "resolved": "https://registry.npmjs.org/parse-json/-/parse-json-5.0.0.tgz",
      "integrity": "sha512-OOY5b7PAEFV0E2Fir1KOkxchnZNCdowAJgQ5NuxjpBKTRP3pQhwkrkxqQjeoKJ+fO7bCpmIZaogI4eZGDMEGOw==",
      "requires": {
        "@babel/code-frame": "^7.0.0",
        "error-ex": "^1.3.1",
        "json-parse-better-errors": "^1.0.1",
        "lines-and-columns": "^1.1.6"
      }
    },
    "pascal-case": {
      "version": "3.1.1",
      "resolved": "https://registry.npmjs.org/pascal-case/-/pascal-case-3.1.1.tgz",
      "integrity": "sha512-XIeHKqIrsquVTQL2crjq3NfJUxmdLasn3TYOU0VBM+UX2a6ztAWBlJQBePLGY7VHW8+2dRadeIPK5+KImwTxQA==",
      "requires": {
        "no-case": "^3.0.3",
        "tslib": "^1.10.0"
      }
    },
    "path-exists": {
      "version": "4.0.0",
      "resolved": "https://registry.npmjs.org/path-exists/-/path-exists-4.0.0.tgz",
      "integrity": "sha512-ak9Qy5Q7jYb2Wwcey5Fpvg2KoAc/ZIhLSLOSBmRmygPsGwkVVt0fZa0qrtMz+m6tJTAHfZQ8FnmB4MG4LWy7/w=="
    },
    "path-parse": {
      "version": "1.0.6",
      "resolved": "https://registry.npmjs.org/path-parse/-/path-parse-1.0.6.tgz",
      "integrity": "sha512-GSmOT2EbHrINBf9SR7CDELwlJ8AENk3Qn7OikK4nFYAu3Ote2+JYNVvkpAEQm3/TLNEJFD/xZJjzyxg3KBWOzw=="
    },
    "path-type": {
      "version": "4.0.0",
      "resolved": "https://registry.npmjs.org/path-type/-/path-type-4.0.0.tgz",
      "integrity": "sha512-gDKb8aZMDeD/tZWs9P6+q0J9Mwkdl6xMV8TjnGP3qJVJ06bdMgkbBlLU8IdfOsIsFz2BW1rNVT3XuNEl8zPAvw=="
    },
    "picomatch": {
      "version": "2.2.2",
      "resolved": "https://registry.npmjs.org/picomatch/-/picomatch-2.2.2.tgz",
      "integrity": "sha512-q0M/9eZHzmr0AulXyPwNfZjtwZ/RBZlbN3K3CErVrk50T2ASYI7Bye0EvekFY3IP1Nt2DHu0re+V2ZHIpMkuWg=="
    },
    "prettier": {
      "version": "2.0.2",
      "resolved": "https://registry.npmjs.org/prettier/-/prettier-2.0.2.tgz",
      "integrity": "sha512-5xJQIPT8BraI7ZnaDwSbu5zLrB6vvi8hVV58yHQ+QK64qrY40dULy0HSRlQ2/2IdzeBpjhDkqdcFBnFeDEMVdg==",
      "dev": true
    },
    "quick-lru": {
      "version": "4.0.1",
      "resolved": "https://registry.npmjs.org/quick-lru/-/quick-lru-4.0.1.tgz",
      "integrity": "sha512-ARhCpm70fzdcvNQfPoy49IaanKkTlRWF2JMzqhcJbhSFRZv7nPTvZJdcY7301IPmvW+/p0RgIWnQDLJxifsQ7g=="
    },
    "read-pkg": {
      "version": "5.2.0",
      "resolved": "https://registry.npmjs.org/read-pkg/-/read-pkg-5.2.0.tgz",
      "integrity": "sha512-Ug69mNOpfvKDAc2Q8DRpMjjzdtrnv9HcSMX+4VsZxD1aZ6ZzrIE7rlzXBtWTyhULSMKg076AW6WR5iZpD0JiOg==",
      "requires": {
        "@types/normalize-package-data": "^2.4.0",
        "normalize-package-data": "^2.5.0",
        "parse-json": "^5.0.0",
        "type-fest": "^0.6.0"
      },
      "dependencies": {
        "type-fest": {
          "version": "0.6.0",
          "resolved": "https://registry.npmjs.org/type-fest/-/type-fest-0.6.0.tgz",
          "integrity": "sha512-q+MB8nYR1KDLrgr4G5yemftpMC7/QLqVndBmEEdqzmNj5dcFOO4Oo8qlwZE3ULT3+Zim1F8Kq4cBnikNhlCMlg=="
        }
      }
    },
    "read-pkg-up": {
      "version": "7.0.1",
      "resolved": "https://registry.npmjs.org/read-pkg-up/-/read-pkg-up-7.0.1.tgz",
      "integrity": "sha512-zK0TB7Xd6JpCLmlLmufqykGE+/TlOePD6qKClNW7hHDKFh/J7/7gCWGR7joEQEW1bKq3a3yUZSObOoWLFQ4ohg==",
      "requires": {
        "find-up": "^4.1.0",
        "read-pkg": "^5.2.0",
        "type-fest": "^0.8.1"
      }
    },
    "redent": {
      "version": "3.0.0",
      "resolved": "https://registry.npmjs.org/redent/-/redent-3.0.0.tgz",
      "integrity": "sha512-6tDA8g98We0zd0GvVeMT9arEOnTw9qM03L9cJXaCjrip1OO764RDBLBfrB4cwzNGDj5OA5ioymC9GkizgWJDUg==",
      "requires": {
        "indent-string": "^4.0.0",
        "strip-indent": "^3.0.0"
      }
    },
    "remove-trailing-separator": {
      "version": "1.1.0",
      "resolved": "https://registry.npmjs.org/remove-trailing-separator/-/remove-trailing-separator-1.1.0.tgz",
      "integrity": "sha1-wkvOKig62tW8P1jg1IJJuSN52O8="
    },
    "resolve": {
      "version": "1.15.1",
      "resolved": "https://registry.npmjs.org/resolve/-/resolve-1.15.1.tgz",
      "integrity": "sha512-84oo6ZTtoTUpjgNEr5SJyzQhzL72gaRodsSfyxC/AXRvwu0Yse9H8eF9IpGo7b8YetZhlI6v7ZQ6bKBFV/6S7w==",
      "requires": {
        "path-parse": "^1.0.6"
      }
    },
    "resolve-from": {
      "version": "5.0.0",
      "resolved": "https://registry.npmjs.org/resolve-from/-/resolve-from-5.0.0.tgz",
      "integrity": "sha512-qYg9KP24dD5qka9J47d0aVky0N+b4fTU89LN9iDnjB5waksiC49rvMB0PrUJQGoTmH50XPiqOvAjDfaijGxYZw=="
    },
    "reusify": {
      "version": "1.0.4",
      "resolved": "https://registry.npmjs.org/reusify/-/reusify-1.0.4.tgz",
      "integrity": "sha512-U9nH88a3fc/ekCF1l0/UP1IosiuIjyTh7hBvXVMHYgVcfGvt897Xguj2UOLDeI5BG2m7/uwyaLVT6fbtCwTyzw=="
    },
    "run-parallel": {
      "version": "1.1.9",
      "resolved": "https://registry.npmjs.org/run-parallel/-/run-parallel-1.1.9.tgz",
      "integrity": "sha512-DEqnSRTDw/Tc3FXf49zedI638Z9onwUotBMiUFKmrO2sdFKIbXamXGQ3Axd4qgphxKB4kw/qP1w5kTxnfU1B9Q=="
    },
    "semver": {
      "version": "5.7.1",
      "resolved": "https://registry.npmjs.org/semver/-/semver-5.7.1.tgz",
      "integrity": "sha512-sauaDf/PZdVgrLTNYHRtpXa1iRiKcaebiKQ1BJdpQlWH2lCvexQdX55snPFyK7QzpudqbCI0qXFfOasHdyNDGQ=="
    },
    "slash": {
      "version": "3.0.0",
      "resolved": "https://registry.npmjs.org/slash/-/slash-3.0.0.tgz",
      "integrity": "sha512-g9Q1haeby36OSStwb4ntCGGGaKsaVSjQ68fBxoQcutl5fS1vuY18H3wSt3jFyFtrkx+Kz0V1G85A4MyAdDMi2Q=="
    },
    "spdx-correct": {
      "version": "3.1.0",
      "resolved": "https://registry.npmjs.org/spdx-correct/-/spdx-correct-3.1.0.tgz",
      "integrity": "sha512-lr2EZCctC2BNR7j7WzJ2FpDznxky1sjfxvvYEyzxNyb6lZXHODmEoJeFu4JupYlkfha1KZpJyoqiJ7pgA1qq8Q==",
      "requires": {
        "spdx-expression-parse": "^3.0.0",
        "spdx-license-ids": "^3.0.0"
      }
    },
    "spdx-exceptions": {
      "version": "2.2.0",
      "resolved": "https://registry.npmjs.org/spdx-exceptions/-/spdx-exceptions-2.2.0.tgz",
      "integrity": "sha512-2XQACfElKi9SlVb1CYadKDXvoajPgBVPn/gOQLrTvHdElaVhr7ZEbqJaRnJLVNeaI4cMEAgVCeBMKF6MWRDCRA=="
    },
    "spdx-expression-parse": {
      "version": "3.0.0",
      "resolved": "https://registry.npmjs.org/spdx-expression-parse/-/spdx-expression-parse-3.0.0.tgz",
      "integrity": "sha512-Yg6D3XpRD4kkOmTpdgbUiEJFKghJH03fiC1OPll5h/0sO6neh2jqRDVHOQ4o/LMea0tgCkbMgea5ip/e+MkWyg==",
      "requires": {
        "spdx-exceptions": "^2.1.0",
        "spdx-license-ids": "^3.0.0"
      }
    },
    "spdx-license-ids": {
      "version": "3.0.5",
      "resolved": "https://registry.npmjs.org/spdx-license-ids/-/spdx-license-ids-3.0.5.tgz",
      "integrity": "sha512-J+FWzZoynJEXGphVIS+XEh3kFSjZX/1i9gFBaWQcB+/tmpe2qUsSBABpcxqxnAxFdiUFEgAX1bjYGQvIZmoz9Q=="
    },
    "strip-indent": {
      "version": "3.0.0",
      "resolved": "https://registry.npmjs.org/strip-indent/-/strip-indent-3.0.0.tgz",
      "integrity": "sha512-laJTa3Jb+VQpaC6DseHhF7dXVqHTfJPCRDaEbid/drOhgitgYku/letMUqOXFoWV0zIIUbjpdH2t+tYj4bQMRQ==",
      "requires": {
        "min-indent": "^1.0.0"
      }
    },
    "supports-color": {
      "version": "5.5.0",
      "resolved": "https://registry.npmjs.org/supports-color/-/supports-color-5.5.0.tgz",
      "integrity": "sha512-QjVjwdXIt408MIiAqCX4oUKsgU2EqAGzs2Ppkm4aQYbjm+ZEWEcW4SfFNTr4uMNZma0ey4f5lgLrkB0aX0QMow==",
      "requires": {
        "has-flag": "^3.0.0"
      }
    },
    "to-regex-range": {
      "version": "5.0.1",
      "resolved": "https://registry.npmjs.org/to-regex-range/-/to-regex-range-5.0.1.tgz",
      "integrity": "sha512-65P7iz6X5yEr1cwcgvQxbbIw7Uk3gOy5dIdtZ4rDveLqhrdJP+Li/Hx6tyK0NEb+2GCyneCMJiGqrADCSNk8sQ==",
      "requires": {
        "is-number": "^7.0.0"
      }
    },
    "trim-newlines": {
      "version": "3.0.0",
      "resolved": "https://registry.npmjs.org/trim-newlines/-/trim-newlines-3.0.0.tgz",
      "integrity": "sha512-C4+gOpvmxaSMKuEf9Qc134F1ZuOHVXKRbtEflf4NTtuuJDEIJ9p5PXsalL8SkeRw+qit1Mo+yuvMPAKwWg/1hA=="
    },
    "ts-invariant": {
      "version": "0.4.4",
      "resolved": "https://registry.npmjs.org/ts-invariant/-/ts-invariant-0.4.4.tgz",
      "integrity": "sha512-uEtWkFM/sdZvRNNDL3Ehu4WVpwaulhwQszV8mrtcdeE8nN00BV9mAmQ88RkrBhFgl9gMgvjJLAQcZbnPXI9mlA==",
      "requires": {
        "tslib": "^1.9.3"
      }
    },
    "tslib": {
      "version": "1.11.1",
      "resolved": "https://registry.npmjs.org/tslib/-/tslib-1.11.1.tgz",
      "integrity": "sha512-aZW88SY8kQbU7gpV19lN24LtXh/yD4ZZg6qieAJDDg+YBsJcSmLGK9QpnUjAKVG/xefmvJGd1WUmfpT/g6AJGA=="
    },
    "type-fest": {
      "version": "0.8.1",
      "resolved": "https://registry.npmjs.org/type-fest/-/type-fest-0.8.1.tgz",
      "integrity": "sha512-4dbzIzqvjtgiM5rw1k5rEHtBANKmdudhGyBEajN01fEyhaAIhsoKNy6y7+IN93IfpFtwY9iqi7kD+xwKhQsNJA=="
    },
    "unixify": {
      "version": "1.0.0",
      "resolved": "https://registry.npmjs.org/unixify/-/unixify-1.0.0.tgz",
      "integrity": "sha1-OmQcjC/7zk2mg6XHDwOkYpQMIJA=",
      "requires": {
        "normalize-path": "^2.1.1"
      }
    },
    "uuid": {
      "version": "7.0.3",
      "resolved": "https://registry.npmjs.org/uuid/-/uuid-7.0.3.tgz",
      "integrity": "sha512-DPSke0pXhTZgoF/d+WSt2QaKMCFSfx7QegxEWT+JOuHF5aWrKEn0G+ztjuJg/gG8/ItK+rbPCD/yNv8yyih6Cg=="
    },
    "valid-url": {
      "version": "1.0.9",
      "resolved": "https://registry.npmjs.org/valid-url/-/valid-url-1.0.9.tgz",
      "integrity": "sha1-HBRHm0DxOXp1eC8RXkCGRHQzogA="
    },
    "validate-npm-package-license": {
      "version": "3.0.4",
      "resolved": "https://registry.npmjs.org/validate-npm-package-license/-/validate-npm-package-license-3.0.4.tgz",
      "integrity": "sha512-DpKm2Ui/xN7/HQKCtpZxoRWBhZ9Z0kqtygG8XCgNQ8ZlDnxuQmWhj566j8fN4Cu3/JmbhsDo7fcAJq4s9h27Ew==",
      "requires": {
        "spdx-correct": "^3.0.0",
        "spdx-expression-parse": "^3.0.0"
      }
    },
    "whatwg-fetch": {
      "version": "3.0.0",
      "resolved": "https://registry.npmjs.org/whatwg-fetch/-/whatwg-fetch-3.0.0.tgz",
      "integrity": "sha512-9GSJUgz1D4MfyKU7KRqwOjXCXTqWdFNvEr7eUBYchQiVc744mqK/MzXPNR2WsPkmkOa4ywfg8C2n8h+13Bey1Q=="
    },
    "yargs-parser": {
      "version": "18.1.2",
      "resolved": "https://registry.npmjs.org/yargs-parser/-/yargs-parser-18.1.2.tgz",
      "integrity": "sha512-hlIPNR3IzC1YuL1c2UwwDKpXlNFBqD1Fswwh1khz5+d8Cq/8yc/Mn0i+rQXduu8hcrFKvO7Eryk+09NecTQAAQ==",
      "requires": {
        "camelcase": "^5.0.0",
        "decamelize": "^1.2.0"
      }
    },
    "zen-observable": {
      "version": "0.8.15",
      "resolved": "https://registry.npmjs.org/zen-observable/-/zen-observable-0.8.15.tgz",
      "integrity": "sha512-PQ2PC7R9rslx84ndNBZB/Dkv8V8fZEpk83RLgXtYd0fwUgEjseMn1Dgajh2x6S8QbZAFa9p2qVCEuYZNgve0dQ=="
    },
    "zen-observable-ts": {
      "version": "0.8.20",
      "resolved": "https://registry.npmjs.org/zen-observable-ts/-/zen-observable-ts-0.8.20.tgz",
      "integrity": "sha512-2rkjiPALhOtRaDX6pWyNqK1fnP5KkJJybYebopNSn6wDG1lxBoFs2+nwwXKoA6glHIrtwrfBBy6da0stkKtTAA==",
      "requires": {
        "tslib": "^1.9.3",
        "zen-observable": "^0.8.0"
      }
    }
  }
}
