{
  "name": "dev-seed",
  "version": "1.0.0",
  "lockfileVersion": 3,
  "requires": true,
  "packages": {
    "": {
      "name": "dev-seed",
      "version": "1.0.0",
      "license": "MIT",
      "dependencies": {
        "arango-tools": "^0.6.0",
        "arangojs": "^10.2.2",
        "bcryptjs": "^2.4.3"
      }
    },
    "node_modules/@types/node": {
      "version": "20.19.43",
      "resolved": "https://registry.npmjs.org/@types/node/-/node-20.19.43.tgz",
      "integrity": "sha512-6oYBAi5ikg4Pl+kGsoYtawUMBT2zZMCvPNF7pVLnHZfd1zf38DRiWn/gT01RYCdUqkv7Fhr+C9ot4/tb+2sVvA==",
      "license": "MIT",
      "dependencies": {
        "undici-types": "~6.21.0"
      }
    },
    "node_modules/arango-tools": {
      "version": "0.6.0",
      "resolved": "https://registry.npmjs.org/arango-tools/-/arango-tools-0.6.0.tgz",
      "integrity": "sha512-2XjPPddz7Vc07JrOyXFYGzXI+QZOAR+I0kiyklKBevWVTTDh1lYRetZh3X1fN+smibgL2DY3jKwHK14aSzVkSw==",
      "license": "MIT",
      "dependencies": {
        "arangojs": "^7.2.0",
        "assign-deep": "^1.0.1",
        "json-placeholder-replacer": "^1.0.35"
      }
    },
    "node_modules/arango-tools/node_modules/arangojs": {
      "version": "7.8.0",
      "resolved": "https://registry.npmjs.org/arangojs/-/arangojs-7.8.0.tgz",
      "integrity": "sha512-aJFlMKlVr4sIO5GDMuykBVNVxWeZTkWDgYbbl9cIuxVctp8Lhs6dW5fr5MYlwAndnOEyi3bvbrhZIucly2IpWQ==",
      "license": "Apache-2.0",
      "dependencies": {
        "@types/node": ">=13.13.4",
        "es6-error": "^4.0.1",
        "multi-part": "^3.0.0",
        "x3-linkedlist": "1.2.0",
        "xhr": "^2.4.1"
      },
      "engines": {
        "node": ">=10"
      }
    },
    "node_modules/arangojs": {
      "version": "10.5.0",
      "resolved": "https://registry.npmjs.org/arangojs/-/arangojs-10.5.0.tgz",
      "integrity": "sha512-x/XhvQs5dnuCNXJ9OsLdejrxkQUmoGKdh9TtNGFq6gogWdmTFLSZJbHcADqgl83TzrXZ3bsBoC0RTgBjJvZD6w==",
      "license": "Apache-2.0",
      "dependencies": {
        "@types/node": "^20.11.26"
      },
      "engines": {
        "node": ">=20"
      },
      "peerDependencies": {
        "undici": ">=5.21.0"
      },
      "peerDependenciesMeta": {
        "undici": {
          "optional": true
        }
      }
    },
    "node_modules/assign-deep": {
      "version": "1.0.1",
      "resolved": "https://registry.npmjs.org/assign-deep/-/assign-deep-1.0.1.tgz",
      "integrity": "sha512-CSXAX79mibneEYfqLT5FEmkqR5WXF+xDRjgQQuVf6wSCXCYU8/vHttPidNar7wJ5BFmKAo8Wei0rCtzb+M/yeA==",
      "license": "MIT",
      "dependencies": {
        "assign-symbols": "^2.0.2"
      },
      "engines": {
        "node": ">=6"
      }
    },
    "node_modules/assign-symbols": {
      "version": "2.0.2",
      "resolved": "https://registry.npmjs.org/assign-symbols/-/assign-symbols-2.0.2.tgz",
      "integrity": "sha512-9sBQUQZMKFKcO/C3Bo6Rx4CQany0R0UeVcefNGRRdW2vbmaMOhV1sbmlXcQLcD56juLXbSGTBm0GGuvmrAF8pA==",
      "license": "MIT",
      "engines": {
        "node": ">=6"
      }
    },
    "node_modules/bcryptjs": {
      "version": "2.4.3",
      "resolved": "https://registry.npmjs.org/bcryptjs/-/bcryptjs-2.4.3.tgz",
      "integrity": "sha512-V/Hy/X9Vt7f3BbPJEi8BdVFMByHi+jNXrYkW3huaybV/kQ0KJg0Y6PkEMbn+zeT+i+SiKZ/HMqJGIIt4LZDqNQ==",
      "license": "MIT"
    },
    "node_modules/dom-walk": {
      "version": "0.1.2",
      "resolved": "https://registry.npmjs.org/dom-walk/-/dom-walk-0.1.2.tgz",
      "integrity": "sha512-6QvTW9mrGeIegrFXdtQi9pk7O/nSK6lSdXW2eqUspN5LWD7UTji2Fqw5V2YLjBpHEoU9Xl/eUWNpDeZvoyOv2w=="
    },
    "node_modules/es6-error": {
      "version": "4.1.1",
      "resolved": "https://registry.npmjs.org/es6-error/-/es6-error-4.1.1.tgz",
      "integrity": "sha512-Um/+FxMr9CISWh0bi5Zv0iOD+4cFh5qLeks1qhAopKVAJw3drgKbKySikp7wGhDL0HPeaja0P5ULZrxLkniUVg==",
      "license": "MIT"
    },
    "node_modules/file-type": {
      "version": "12.4.2",
      "resolved": "https://registry.npmjs.org/file-type/-/file-type-12.4.2.tgz",
      "integrity": "sha512-UssQP5ZgIOKelfsaB5CuGAL+Y+q7EmONuiwF3N5HAH0t27rvrttgi6Ra9k/+DVaY9UF6+ybxu5pOXLUdA8N7Vg==",
      "license": "MIT",
      "engines": {
        "node": ">=8"
      }
    },
    "node_modules/global": {
      "version": "4.4.0",
      "resolved": "https://registry.npmjs.org/global/-/global-4.4.0.tgz",
      "integrity": "sha512-wv/LAoHdRE3BeTGz53FAamhGlPLhlssK45usmGFThIi4XqnBmjKQ16u+RNbP7WvigRZDxUsM0J3gcQ5yicaL0w==",
      "license": "MIT",
      "dependencies": {
        "min-document": "^2.19.0",
        "process": "^0.11.10"
      }
    },
    "node_modules/is-function": {
      "version": "1.0.2",
      "resolved": "https://registry.npmjs.org/is-function/-/is-function-1.0.2.tgz",
      "integrity": "sha512-lw7DUp0aWXYg+CBCN+JKkcE0Q2RayZnSvnZBlwgxHBQhqt5pZNVy4Ri7H9GmmXkdu7LUthszM+Tor1u/2iBcpQ==",
      "license": "MIT"
    },
    "node_modules/json-placeholder-replacer": {
      "version": "1.0.37",
      "resolved": "https://registry.npmjs.org/json-placeholder-replacer/-/json-placeholder-replacer-1.0.37.tgz",
      "integrity": "sha512-Ix9Rpcp3UvkCULHrS2Wu58Op+oDLD0ubjlmXDMIKQwvvztvEV6diyaB+Duuuvb6lDHav9PISyRaO9dzzt8tOAQ==",
      "license": "MIT",
      "bin": {
        "jpr": "dist/index.js",
        "json-placeholder-replacer": "dist/index.js"
      }
    },
    "node_modules/mime-db": {
      "version": "1.52.0",
      "resolved": "https://registry.npmjs.org/mime-db/-/mime-db-1.52.0.tgz",
      "integrity": "sha512-sPU4uV7dYlvtWJxwwxHD0PuihVNiE7TyAbQ5SWxDCB9mUYvOgroQOwYQQOKPJ8CIbE+1ETVlOoK1UC2nU3gYvg==",
      "license": "MIT",
      "engines": {
        "node": ">= 0.6"
      }
    },
    "node_modules/mime-kind": {
      "version": "3.0.0",
      "resolved": "https://registry.npmjs.org/mime-kind/-/mime-kind-3.0.0.tgz",
      "integrity": "sha512-sx9lClVP7GXY2mO3aVDWTQLhfvAdDvNhGi3o3g7+ae3aKaoybeGbEIlnreoRKjrbDpvlPltlkIryxOtatojeXQ==",
      "license": "MIT",
      "dependencies": {
        "file-type": "^12.1.0",
        "mime-types": "^2.1.24"
      },
      "engines": {
        "node": ">=8.3.0"
      }
    },
    "node_modules/mime-types": {
      "version": "2.1.35",
      "resolved": "https://registry.npmjs.org/mime-types/-/mime-types-2.1.35.tgz",
      "integrity": "sha512-ZDY+bPm5zTTF+YpCrAU9nK0UgICYPT0QtT1NZWFv4s++TNkcgVaT0g6+4R2uI4MjQjzysHB1zxuWL50hzaeXiw==",
      "license": "MIT",
      "dependencies": {
        "mime-db": "1.52.0"
      },
      "engines": {
        "node": ">= 0.6"
      }
    },
    "node_modules/min-document": {
      "version": "2.19.2",
      "resolved": "https://registry.npmjs.org/min-document/-/min-document-2.19.2.tgz",
      "integrity": "sha512-8S5I8db/uZN8r9HSLFVWPdJCvYOejMcEC82VIzNUc6Zkklf/d1gg2psfE79/vyhWOj4+J8MtwmoOz3TmvaGu5A==",
      "license": "MIT",
      "dependencies": {
        "dom-walk": "^0.1.0"
      }
    },
    "node_modules/multi-part": {
      "version": "3.0.0",
      "resolved": "https://registry.npmjs.org/multi-part/-/multi-part-3.0.0.tgz",
      "integrity": "sha512-pDbdYQ6DLDxAsD83w9R7r7rlW56cETL7hIB5bCWX7FJYw0K+kL5JwHr0I8tRk9lGeFcAzf+2OEzXWlG/4wCnFw==",
      "license": "MIT",
      "dependencies": {
        "mime-kind": "^3.0.0",
        "multi-part-lite": "^1.0.0"
      },
      "engines": {
        "node": ">=8.3.0"
      }
    },
    "node_modules/multi-part-lite": {
      "version": "1.0.0",
      "resolved": "https://registry.npmjs.org/multi-part-lite/-/multi-part-lite-1.0.0.tgz",
      "integrity": "sha512-KxIRbBZZ45hoKX1ROD/19wJr0ql1bef1rE8Y1PCwD3PuNXV42pp7Wo8lEHYuAajoT4vfAFcd3rPjlkyEEyt1nw==",
      "license": "MIT",
      "engines": {
        "node": ">=8.3.0"
      }
    },
    "node_modules/parse-headers": {
      "version": "2.0.6",
      "resolved": "https://registry.npmjs.org/parse-headers/-/parse-headers-2.0.6.tgz",
      "integrity": "sha512-Tz11t3uKztEW5FEVZnj1ox8GKblWn+PvHY9TmJV5Mll2uHEwRdR/5Li1OlXoECjLYkApdhWy44ocONwXLiKO5A==",
      "license": "MIT"
    },
    "node_modules/process": {
      "version": "0.11.10",
      "resolved": "https://registry.npmjs.org/process/-/process-0.11.10.tgz",
      "integrity": "sha512-cdGef/drWFoydD1JsMzuFf8100nZl+GT+yacc2bEced5f9Rjk4z+WtFUTBu9PhOi9j/jfmBPu0mMEY4wIdAF8A==",
      "license": "MIT",
      "engines": {
        "node": ">= 0.6.0"
      }
    },
    "node_modules/undici-types": {
      "version": "6.21.0",
      "resolved": "https://registry.npmjs.org/undici-types/-/undici-types-6.21.0.tgz",
      "integrity": "sha512-iwDZqg0QAGrg9Rav5H4n0M64c3mkR59cJ6wQp+7C4nI0gsmExaedaYLNO44eT4AtBBwjbTiGPMlt2Md0T9H9JQ==",
      "license": "MIT"
    },
    "node_modules/x3-linkedlist": {
      "version": "1.2.0",
      "resolved": "https://registry.npmjs.org/x3-linkedlist/-/x3-linkedlist-1.2.0.tgz",
      "integrity": "sha512-mH/YwxpYSKNa8bDNF1yOuZCMuV+K80LtDN8vcLDUAwNazCxptDNsYt+zA/EJeYiGbdtKposhKLZjErGVOR8mag==",
      "license": "MIT",
      "engines": {
        "node": ">=10"
      }
    },
    "node_modules/xhr": {
      "version": "2.6.0",
      "resolved": "https://registry.npmjs.org/xhr/-/xhr-2.6.0.tgz",
      "integrity": "sha512-/eCGLb5rxjx5e3mF1A7s+pLlR6CGyqWN91fv1JgER5mVWg1MZmlhBvy9kjcsOdRk8RrIujotWyJamfyrp+WIcA==",
      "license": "MIT",
      "dependencies": {
        "global": "~4.4.0",
        "is-function": "^1.0.1",
        "parse-headers": "^2.0.0",
        "xtend": "^4.0.0"
      }
    },
    "node_modules/xtend": {
      "version": "4.0.2",
      "resolved": "https://registry.npmjs.org/xtend/-/xtend-4.0.2.tgz",
      "integrity": "sha512-LKYU1iAXJXUgAXn9URjiu+MWhyUXHsvfp7mcuYm9dSUKK0/CjtrUwFAxD82/mCWbtLsGjFIad0wIsod4zrTAEQ==",
      "license": "MIT",
      "engines": {
        "node": ">=0.4"
      }
    }
  }
}
