{
    "_meta": {
        "hash": {
            "sha256": "f45507c64412090cce4210af16564ada296e36f9ddbfa18671469e1115ab8afd"
        },
        "pipfile-spec": 6,
        "requires": {},
        "sources": [
            {
                "name": "pypi",
                "url": "https://pypi.org/simple",
                "verify_ssl": true
            }
        ]
    },
    "default": {
        "asyncio": {
            "hashes": [
                "sha256:83360ff8bc97980e4ff25c964c7bd3923d333d177aa4f7fb736b019f26c7cb41",
                "sha256:b62c9157d36187eca799c378e572c969f0da87cd5fc42ca372d92cdb06e7e1de",
                "sha256:c46a87b48213d7464f22d9a497b9eef8c1928b68320a2fa94240f969f6fec08c",
                "sha256:c4d18b22701821de07bd6aea8b53d21449ec0ec5680645e5317062ea21817d2d"
            ],
            "index": "pypi",
            "version": "==3.4.3"
        },
        "asyncio-nats-client": {
            "hashes": [
                "sha256:ede58bda6560cf4206059799597be9be7ba28a479c4d118cf00bda6e4471bf2e"
            ],
            "index": "pypi",
            "version": "==0.11.4"
        },
        "bitarray": {
            "hashes": [
                "sha256:f19c62425576d3d1821ed711b94d1a4e5ede8f05ca121e99b6d978ed49c7a765"
            ],
            "version": "==2.3.4"
        },
        "certifi": {
            "hashes": [
                "sha256:2bbf76fd432960138b3ef6dda3dde0544f27cbf8546c458e60baf371917ba9ee",
                "sha256:50b1e4f8446b06f41be7dd6338db18e0990601dce795c2b1686458aa7e8fa7d8"
            ],
            "version": "==2021.5.30"
        },
        "cffi": {
            "hashes": [
                "sha256:06c54a68935738d206570b20da5ef2b6b6d92b38ef3ec45c5422c0ebaf338d4d",
                "sha256:0c0591bee64e438883b0c92a7bed78f6290d40bf02e54c5bf0978eaf36061771",
                "sha256:19ca0dbdeda3b2615421d54bef8985f72af6e0c47082a8d26122adac81a95872",
                "sha256:22b9c3c320171c108e903d61a3723b51e37aaa8c81255b5e7ce102775bd01e2c",
                "sha256:26bb2549b72708c833f5abe62b756176022a7b9a7f689b571e74c8478ead51dc",
                "sha256:33791e8a2dc2953f28b8d8d300dde42dd929ac28f974c4b4c6272cb2955cb762",
                "sha256:3c8d896becff2fa653dc4438b54a5a25a971d1f4110b32bd3068db3722c80202",
                "sha256:4373612d59c404baeb7cbd788a18b2b2a8331abcc84c3ba40051fcd18b17a4d5",
                "sha256:487d63e1454627c8e47dd230025780e91869cfba4c753a74fda196a1f6ad6548",
                "sha256:48916e459c54c4a70e52745639f1db524542140433599e13911b2f329834276a",
                "sha256:4922cd707b25e623b902c86188aca466d3620892db76c0bdd7b99a3d5e61d35f",
                "sha256:55af55e32ae468e9946f741a5d51f9896da6b9bf0bbdd326843fec05c730eb20",
                "sha256:57e555a9feb4a8460415f1aac331a2dc833b1115284f7ded7278b54afc5bd218",
                "sha256:5d4b68e216fc65e9fe4f524c177b54964af043dde734807586cf5435af84045c",
                "sha256:64fda793737bc4037521d4899be780534b9aea552eb673b9833b01f945904c2e",
                "sha256:6d6169cb3c6c2ad50db5b868db6491a790300ade1ed5d1da29289d73bbe40b56",
                "sha256:7bcac9a2b4fdbed2c16fa5681356d7121ecabf041f18d97ed5b8e0dd38a80224",
                "sha256:80b06212075346b5546b0417b9f2bf467fea3bfe7352f781ffc05a8ab24ba14a",
                "sha256:818014c754cd3dba7229c0f5884396264d51ffb87ec86e927ef0be140bfdb0d2",
                "sha256:8eb687582ed7cd8c4bdbff3df6c0da443eb89c3c72e6e5dcdd9c81729712791a",
                "sha256:99f27fefe34c37ba9875f224a8f36e31d744d8083e00f520f133cab79ad5e819",
                "sha256:9f3e33c28cd39d1b655ed1ba7247133b6f7fc16fa16887b120c0c670e35ce346",
                "sha256:a8661b2ce9694ca01c529bfa204dbb144b275a31685a075ce123f12331be790b",
                "sha256:a9da7010cec5a12193d1af9872a00888f396aba3dc79186604a09ea3ee7c029e",
                "sha256:aedb15f0a5a5949ecb129a82b72b19df97bbbca024081ed2ef88bd5c0a610534",
                "sha256:b315d709717a99f4b27b59b021e6207c64620790ca3e0bde636a6c7f14618abb",
                "sha256:ba6f2b3f452e150945d58f4badd92310449876c4c954836cfb1803bdd7b422f0",
                "sha256:c33d18eb6e6bc36f09d793c0dc58b0211fccc6ae5149b808da4a62660678b156",
                "sha256:c9a875ce9d7fe32887784274dd533c57909b7b1dcadcc128a2ac21331a9765dd",
                "sha256:c9e005e9bd57bc987764c32a1bee4364c44fdc11a3cc20a40b93b444984f2b87",
                "sha256:d2ad4d668a5c0645d281dcd17aff2be3212bc109b33814bbb15c4939f44181cc",
                "sha256:d950695ae4381ecd856bcaf2b1e866720e4ab9a1498cba61c602e56630ca7195",
                "sha256:e22dcb48709fc51a7b58a927391b23ab37eb3737a98ac4338e2448bef8559b33",
                "sha256:e8c6a99be100371dbb046880e7a282152aa5d6127ae01783e37662ef73850d8f",
                "sha256:e9dc245e3ac69c92ee4c167fbdd7428ec1956d4e754223124991ef29eb57a09d",
                "sha256:eb687a11f0a7a1839719edd80f41e459cc5366857ecbed383ff376c4e3cc6afd",
                "sha256:eb9e2a346c5238a30a746893f23a9535e700f8192a68c07c0258e7ece6ff3728",
                "sha256:ed38b924ce794e505647f7c331b22a693bee1538fdf46b0222c4717b42f744e7",
                "sha256:f0010c6f9d1a4011e429109fda55a225921e3206e7f62a0c22a35344bfd13cca",
                "sha256:f0c5d1acbfca6ebdd6b1e3eded8d261affb6ddcf2186205518f1428b8569bb99",
                "sha256:f10afb1004f102c7868ebfe91c28f4a712227fe4cb24974350ace1f90e1febbf",
                "sha256:f174135f5609428cc6e1b9090f9268f5c8935fddb1b25ccb8255a2d50de6789e",
                "sha256:f3ebe6e73c319340830a9b2825d32eb6d8475c1dac020b4f0aa774ee3b898d1c",
                "sha256:f627688813d0a4140153ff532537fbe4afea5a3dffce1f9deb7f91f848a832b5",
                "sha256:fd4305f86f53dfd8cd3522269ed7fc34856a8ee3709a5e28b2836b2db9d4cd69"
            ],
            "version": "==1.14.6"
        },
        "charset-normalizer": {
            "hashes": [
                "sha256:5d209c0a931f215cee683b6445e2d77677e7e75e159f78def0db09d68fafcaa6",
                "sha256:5ec46d183433dcbd0ab716f2d7f29d8dee50505b3fdb40c6b985c7c4f5a3591f"
            ],
            "markers": "python_version >= '3'",
            "version": "==2.0.6"
        },
        "cryptography": {
            "hashes": [
                "sha256:0a7dcbcd3f1913f664aca35d47c1331fce738d44ec34b7be8b9d332151b0b01e",
                "sha256:1eb7bb0df6f6f583dd8e054689def236255161ebbcf62b226454ab9ec663746b",
                "sha256:21ca464b3a4b8d8e86ba0ee5045e103a1fcfac3b39319727bc0fc58c09c6aff7",
                "sha256:34dae04a0dce5730d8eb7894eab617d8a70d0c97da76b905de9efb7128ad7085",
                "sha256:3520667fda779eb788ea00080124875be18f2d8f0848ec00733c0ec3bb8219fc",
                "sha256:3c4129fc3fdc0fa8e40861b5ac0c673315b3c902bbdc05fc176764815b43dd1d",
                "sha256:3fa3a7ccf96e826affdf1a0a9432be74dc73423125c8f96a909e3835a5ef194a",
                "sha256:5b0fbfae7ff7febdb74b574055c7466da334a5371f253732d7e2e7525d570498",
                "sha256:695104a9223a7239d155d7627ad912953b540929ef97ae0c34c7b8bf30857e89",
                "sha256:8695456444f277af73a4877db9fc979849cd3ee74c198d04fc0776ebc3db52b9",
                "sha256:94cc5ed4ceaefcbe5bf38c8fba6a21fc1d365bb8fb826ea1688e3370b2e24a1c",
                "sha256:94fff993ee9bc1b2440d3b7243d488c6a3d9724cc2b09cdb297f6a886d040ef7",
                "sha256:9965c46c674ba8cc572bc09a03f4c649292ee73e1b683adb1ce81e82e9a6a0fb",
                "sha256:a00cf305f07b26c351d8d4e1af84ad7501eca8a342dedf24a7acb0e7b7406e14",
                "sha256:a305600e7a6b7b855cd798e00278161b681ad6e9b7eca94c721d5f588ab212af",
                "sha256:cd65b60cfe004790c795cc35f272e41a3df4631e2fb6b35aa7ac6ef2859d554e",
                "sha256:d2a6e5ef66503da51d2110edf6c403dc6b494cc0082f85db12f54e9c5d4c3ec5",
                "sha256:d9ec0e67a14f9d1d48dd87a2531009a9b251c02ea42851c060b25c782516ff06",
                "sha256:f44d141b8c4ea5eb4dbc9b3ad992d45580c1d22bf5e24363f2fbf50c2d7ae8a7"
            ],
            "index": "pypi",
            "version": "==3.4.8"
        },
        "deprecated": {
            "hashes": [
                "sha256:43ac5335da90c31c24ba028af536a91d41d53f9e6901ddb021bcc572ce44e38d",
                "sha256:64756e3e14c8c5eea9795d93c524551432a0be75629f8f29e67ab8caf076c76d"
            ],
            "markers": "python_version >= '2.7' and python_version not in '3.0, 3.1, 3.2, 3.3'",
            "version": "==1.2.13"
        },
        "docopt": {
            "hashes": [
                "sha256:49b3a825280bd66b3aa83585ef59c4a8c82f2c8a522dbe754a8bc8d08c85c491"
            ],
            "index": "pypi",
            "version": "==0.6.2"
        },
        "filtercascade": {
            "hashes": [
                "sha256:1db4c2f1f628e3e399a6f3437738bdb304eb11521bf37684b56addaa5576a89f"
            ],
            "version": "==0.4.1"
        },
        "glog": {
            "hashes": [
                "sha256:88cee83dea8bddf73db7edbf5bd697237628389ef476c0a0ecad639c606189e5",
                "sha256:b721edef6009eabc0b4d9f2619e153d2627a7b71a3657c8ed69f02ef7c78be97"
            ],
            "version": "==0.3.1"
        },
        "httptools": {
            "hashes": [
                "sha256:04114db99605c9b56ea22a8ec4d7b1485b908128ed4f4a8f6438489c428da794",
                "sha256:074afd8afdeec0fa6786cd4a1676e0c0be23dc9a017a86647efa6b695168104f",
                "sha256:113816f9af7dcfc4aa71ebb5354d77365f666ecf96ac7ff2aa1d24b6bca44165",
                "sha256:1a8f26327023fa1a947d36e60a0582149e182fbbc949c8a65ec8665754dbbe69",
                "sha256:2119fa619a4c53311f594f25c0205d619350fcb32140ec5057f861952e9b2b4f",
                "sha256:21e948034f70e47c8abfa2d5e6f1a5661f87a2cddc7bcc70f61579cc87897c70",
                "sha256:32a10a5903b5bc0eb647d01cd1e95bec3bb614a9bf53f0af1e01360b2debdf81",
                "sha256:3787c1f46e9722ef7f07ea5c76b0103037483d1b12e34a02c53ceca5afa4e09a",
                "sha256:3f82eb106e1474c63dba36a176067e65b48385f4cecddf3616411aa5d1fbdfec",
                "sha256:3f9b4856d46ba1f0c850f4e84b264a9a8b4460acb20e865ec00978ad9fbaa4cf",
                "sha256:4137137de8976511a392e27bfdcf231bd926ac13d375e0414e927b08217d779e",
                "sha256:4687dfc116a9f1eb22a7d797f0dc6f6e17190d406ca4e729634b38aa98044b17",
                "sha256:47dba2345aaa01b87e4981e8756af441349340708d5b60712c98c55a4d28f4af",
                "sha256:5a836bd85ae1fb4304f674808488dae403e136d274aa5bafd0e6ee456f11c371",
                "sha256:6e676bc3bb911b11f3d7e2144b9a53600bf6b9b21e0e4437aa308e1eef094d97",
                "sha256:72ee0e3fb9c6437ab3ae34e9abee67fcee6876f4f58504e3f613dd5882aafdb7",
                "sha256:79717080dc3f8b1eeb7f820b9b81528acbc04be6041f323fdd97550da2062575",
                "sha256:8ac842df4fc3952efa7820b277961ea55e068bbc54cb59a0820400de7ae358d8",
                "sha256:9f475b642c48b1b78584bdd12a5143e2c512485664331eade9c29ef769a17598",
                "sha256:b8ac7dee63af4346e02b1e6d32202e3b5b3706a9928bec6da6d7a5b066217422",
                "sha256:c0ac2e0ce6733c55858932e7d37fcc7b67ba6bb23e9648593c55f663de031b93",
                "sha256:c14576b737d9e6e4f2a86af04918dbe9b62f57ce8102a8695c9a382dbe405c7f",
                "sha256:cdc3975db86c29817e6d13df14e037c931fc893a710fb71097777a4147090068",
                "sha256:eda95634027200f4b2a6d499e7c2e7fa9b8ee57e045dfda26958ea0af27c070b"
            ],
            "index": "pypi",
            "version": "==0.3.0"
        },
        "idna": {
            "hashes": [
                "sha256:14475042e284991034cb48e06f6851428fb14c4dc953acd9be9a5e95c7b6dd7a",
                "sha256:467fbad99067910785144ce333826c71fb0e63a425657295239737f7ecd125f3"
            ],
            "markers": "python_version >= '3'",
            "version": "==3.2"
        },
        "mmh3": {
            "hashes": [
                "sha256:01e456edf9cc381298a590923aadd1c0bf9934d93433099a5001d656112437c2",
                "sha256:07f1308a410dc406d6a3c282a685728d00a87f3ed684f012671b96d6cc6a41c3",
                "sha256:0fd09c4b61fcddbcf0a87d5463b4e6d2919896736a67efc5248d5c74c1c9c742",
                "sha256:12484ac80373db77d8a6beb7615e7dac8b6c3fb118905311a51450b4fc4a24d1",
                "sha256:150439b906b4deaf6d796b2c2d11fb6159f08d02330d97723071ab3bf43b51df",
                "sha256:167cbc2b5ae27f3bccd797a2e8a9e7561791bee4cc2885f2c140eedc5df000ef",
                "sha256:19874e12acb4119ef1ef83062ef4ac953c3343dd07a67ede8fa096d0393f34be",
                "sha256:23912dde2ad4f701926948dd8e79a0e42b000f73962806f153931f52985e1e07",
                "sha256:2b6c79fc314b34b911245b460a79b601fff39bb807521fb7ed7c15cacf0394ac",
                "sha256:3566d1455fa4a09f8fb1aa5b37f68914949674f9aa2bd630e9fdf344207f55b5",
                "sha256:3e52b869572c09db0c1a483f6e9cedbccfae8a282d95e552d3d4bd0712ab3196",
                "sha256:4589adcb609d1547aac7c1ac1064eb27cdd44b65b7e8a114e2971cd3b7110306",
                "sha256:6d0b3e9def1fdfe4eadd35ee26bf72bd715ba97711f7101302d54c9d2e70ba27",
                "sha256:7a311efd4ecf122f21392ec6bf447c620cc783d20bdb9aec60bb469a54318419",
                "sha256:8803d28c17cf898f5f00c0433e8b13d51fa3bb4ebecf59872ba1eaa20d94128a",
                "sha256:8fb833c2942917eff54f984b067d93e5a3c54dbb00720323460cdfed9292835f",
                "sha256:9097be65aa95460bc68b6108601da8894757532450daf74034e4eaecd536acca",
                "sha256:92fdffd63edb67c30dbaba18a7448d762209c0e678b0c9d577d17b30362b59a3",
                "sha256:93c96e657e9bf9e9ef12ddaeae9f109c0b3134146e2eff2cbddde5a34190920e",
                "sha256:b7d26d0243ed9a5b8bf7aa8c53697cb79dff1e1d207f42396b7a7cb2a62298b7",
                "sha256:bd870aedd9189eff1cf4e1687869b56c7e9461ee869789139c3e704009e5c227",
                "sha256:c17fe2e276edd37ad8a6aff3b1663d3479c2c5c5993539c1050422a1dae33033",
                "sha256:d1ec578c09a07d3518ec9be540b87546397fa3455de73c166fcce51eaa5c41c5",
                "sha256:e08a5d81a2ff53625953290187bed4ae96a6972e2b5cd5984a6ebc5a9aab256c",
                "sha256:f1cce018cc82a8a6287e6aeb139e441129837b810f2ddf372e3ff7f0fefb0947",
                "sha256:ff69ddc2d46e3e42720840b6b4f7bfb032fd1e677fac347fdfff6e4d9fd01212"
            ],
            "version": "==3.0.0"
        },
        "moz-crlite-lib": {
            "hashes": [
                "sha256:058d6321c55bdee33db59ab9ebd988e451b78e3e9740bfb7c5a4f3066ac77acc"
            ],
            "version": "==0.2"
        },
        "moz-crlite-query": {
            "hashes": [
                "sha256:502fba71c51fdcad759782a386d71713a7a81c6f6af1ccb367ccabdd6fae9112"
            ],
            "index": "pypi",
            "version": "==0.4.2"
        },
        "nassl": {
            "hashes": [
                "sha256:002aa5b3bedde14b3641e6726b76474da8eb1611ff37b32fed1c1011b7a5e31b",
                "sha256:0550c4c7aeee6611066867af12cc5446a861870fe127ff22a93c8c892f950537",
                "sha256:0f0a13be7c2ef64469a789d3797893fb6d2e058f61428d5e1021c78a8deda414",
                "sha256:19c26de1f28f90df7bc3ad740b89f39d5e3a218e8105f6543f90960c9805055c",
                "sha256:2268a426f6c2818ae6d00aece54c5acc86fb65b898c4d33fe95d39980fbd4fe0",
                "sha256:39da52cddea977bc2e97b474db5c253d9e1d76d932c9b2648ba457620659ff09",
                "sha256:3efb79507e66efc3cc003477cdc11bdc462a603659c07c7749c16bfdbfc1560b",
                "sha256:42c267dcb50b19a60bc5c112f20b0c7615666d0b31fa04233f06fde37c7eb66a",
                "sha256:4e1928e486e761b258db51741fccec79046e909c355e4d131e2ec9e5eb4accda",
                "sha256:5da38c4c84539903eadc8e1b0007d261f1bd5f5ec035199218682213f83736e0",
                "sha256:72731cd6dfe533ae328f15504cf524aaacf8f0a5ab1410b8c69a183c625be9ac",
                "sha256:7bad626cdf1393f37ff537ea0aff0922e5ae7544ed66f44e13d3260237c082b8",
                "sha256:7d17c08ebacafc94f8a56a36fbf1b970d806770e834eaa56db89190c649a9c2c",
                "sha256:8642a889b8ab4f2017b42881d91a6f2a5b3a0f8ee375511d5e87a3e4a54d3d43",
                "sha256:8b8f3650b1969ee6eccf134ede49a97ca0226b711b032356429838bb57c62f82",
                "sha256:c60e53e46dcc6f20d51681297ec92f2460be678e4d39ffa41b984443a33ced7d",
                "sha256:dfecd250eb7093eab84453a5b4af71928c33d08dc840f2a81cfb5df49a0c34fd",
                "sha256:e70780972f3171a98795c806d8c461536063881ee8de68dcc0dfc1788df4512f",
                "sha256:e99c0d22ed538eb88672f66cf9058512b87c8d5df2326089226082f25815e3b2"
            ],
            "markers": "python_version >= '3.7'",
            "version": "==4.0.0"
        },
        "progressbar2": {
            "hashes": [
                "sha256:6610fe393a4591967ecf9062d42c0663c8862092245c490e5971ec5f348755ca",
                "sha256:f4e1c2d48e608850c59f793d6e74ccdebbcbaac7ffe917d45e9646ec0d664d6d"
            ],
            "version": "==3.53.3"
        },
        "publicsuffixlist": {
            "hashes": [
                "sha256:57334485c875e572ca631cedd910ef7cd5835d318efafc25e828d8461388f4a1",
                "sha256:b3a148bdc5dc5c9b3b439abc5724472987c6d610835eb22776c614488c0c4fbc"
            ],
            "index": "pypi",
            "version": "==0.7.9"
        },
        "pyasn1": {
            "hashes": [
                "sha256:014c0e9976956a08139dc0712ae195324a75e142284d5f87f1a87ee1b068a359",
                "sha256:03840c999ba71680a131cfaee6fab142e1ed9bbd9c693e285cc6aca0d555e576",
                "sha256:0458773cfe65b153891ac249bcf1b5f8f320b7c2ce462151f8fa74de8934becf",
                "sha256:08c3c53b75eaa48d71cf8c710312316392ed40899cb34710d092e96745a358b7",
                "sha256:39c7e2ec30515947ff4e87fb6f456dfc6e84857d34be479c9d4a4ba4bf46aa5d",
                "sha256:5c9414dcfede6e441f7e8f81b43b34e834731003427e5b09e4e00e3172a10f00",
                "sha256:6e7545f1a61025a4e58bb336952c5061697da694db1cae97b116e9c46abcf7c8",
                "sha256:78fa6da68ed2727915c4767bb386ab32cdba863caa7dbe473eaae45f9959da86",
                "sha256:7ab8a544af125fb704feadb008c99a88805126fb525280b2270bb25cc1d78a12",
                "sha256:99fcc3c8d804d1bc6d9a099921e39d827026409a58f2a720dcdb89374ea0c776",
                "sha256:aef77c9fb94a3ac588e87841208bdec464471d9871bd5050a287cc9a475cd0ba",
                "sha256:e89bf84b5437b532b0803ba5c9a5e054d21fec423a89952a74f87fa2c9b7bce2",
                "sha256:fec3e9d8e36808a28efb59b489e4528c10ad0f480e57dcc32b4de5c9d8c9fdf3"
            ],
            "version": "==0.4.8"
        },
        "pyasn1-modules": {
            "hashes": [
                "sha256:0845a5582f6a02bb3e1bde9ecfc4bfcae6ec3210dd270522fee602365430c3f8",
                "sha256:0fe1b68d1e486a1ed5473f1302bd991c1611d319bba158e98b106ff86e1d7199",
                "sha256:15b7c67fabc7fc240d87fb9aabf999cf82311a6d6fb2c70d00d3d0604878c811",
                "sha256:426edb7a5e8879f1ec54a1864f16b882c2837bfd06eee62f2c982315ee2473ed",
                "sha256:65cebbaffc913f4fe9e4808735c95ea22d7a7775646ab690518c056784bc21b4",
                "sha256:905f84c712230b2c592c19470d3ca8d552de726050d1d1716282a1f6146be65e",
                "sha256:a50b808ffeb97cb3601dd25981f6b016cbb3d31fbf57a8b8a87428e6158d0c74",
                "sha256:a99324196732f53093a84c4369c996713eb8c89d360a496b599fb1a9c47fc3eb",
                "sha256:b80486a6c77252ea3a3e9b1e360bc9cf28eaac41263d173c032581ad2f20fe45",
                "sha256:c29a5e5cc7a3f05926aff34e097e84f8589cd790ce0ed41b67aed6857b26aafd",
                "sha256:cbac4bc38d117f2a49aeedec4407d23e8866ea4ac27ff2cf7fb3e5b570df19e0",
                "sha256:f39edd8c4ecaa4556e989147ebf219227e2cd2e8a43c7e7fcb1f1c18c5fd6a3d",
                "sha256:fe0644d9ab041506b62782e92b06b8c68cca799e1a9636ec398675459e031405"
            ],
            "version": "==0.2.8"
        },
        "pycparser": {
            "hashes": [
                "sha256:2d475327684562c3a96cc71adf7dc8c4f0565175cf86b6d7a404ff4c771f15f0",
                "sha256:7582ad22678f0fcd81102833f60ef8d0e57288b6b5fb00323d101be910e35705"
            ],
            "markers": "python_version >= '2.7' and python_version not in '3.0, 3.1, 3.2, 3.3'",
            "version": "==2.20"
        },
        "pyopenssl": {
            "hashes": [
                "sha256:4c231c759543ba02560fcd2480c48dcec4dae34c9da7d3747c508227e0624b51",
                "sha256:818ae18e06922c066f777a33f1fca45786d85edfe71cd043de6379337a7f274b"
            ],
            "index": "pypi",
            "version": "==20.0.1"
        },
        "python-dateutil": {
            "hashes": [
                "sha256:0123cacc1627ae19ddf3c27a5de5bd67ee4586fbdd6440d9748f8abb483d3e86",
                "sha256:961d03dc3453ebbc59dbdea9e4e11c5651520a876d0f4db161e8674aae935da9"
            ],
            "index": "pypi",
            "version": "==2.8.2"
        },
        "python-dotenv": {
            "hashes": [
                "sha256:aae25dc1ebe97c420f50b81fb0e5c949659af713f31fdb63c749ca68748f34b1",
                "sha256:f521bc2ac9a8e03c736f62911605c5d83970021e3fa95b37d769e2bbbe9b6172"
            ],
            "index": "pypi",
            "version": "==0.19.0"
        },
        "python-gflags": {
            "hashes": [
                "sha256:40ae131e899ef68e9e14aa53ca063839c34f6a168afe622217b5b875492a1ee2"
            ],
            "version": "==3.1.2"
        },
        "python-utils": {
            "hashes": [
                "sha256:18fbc1a1df9a9061e3059a48ebe5c8a66b654d688b0e3ecca8b339a7f168f208",
                "sha256:352d5b1febeebf9b3cdb9f3c87a3b26ef22d3c9e274a8ec1e7048ecd2fac4349"
            ],
            "version": "==2.5.6"
        },
        "pytz": {
            "hashes": [
                "sha256:83a4a90894bf38e243cf052c8b58f381bfe9a7a483f6a9cab140bc7f702ac4da",
                "sha256:eb10ce3e7736052ed3623d49975ce333bcd712c7bb19a58b9e2089d4057d0798"
            ],
            "index": "pypi",
            "version": "==2021.1"
        },
        "requests": {
            "hashes": [
                "sha256:6c1246513ecd5ecd4528a0906f910e8f0f9c6b8ec72030dc9fd154dc1a6efd24",
                "sha256:b8aa58f8cf793ffd8782d3d8cb19e66ef36f7aba4353eec859e74678b01b07a7"
            ],
            "index": "pypi",
            "version": "==2.26.0"
        },
        "six": {
            "hashes": [
                "sha256:1e61c37477a1626458e36f7b1d82aa5c9b094fa4802892072e49de9c60c4c926",
                "sha256:8abb2f1d86890a2dfb989f9a77cfcfd3e47c2a354b01111771326f8aa26e0254"
            ],
            "markers": "python_version >= '2.7' and python_version not in '3.0, 3.1, 3.2, 3.3'",
            "version": "==1.16.0"
        },
        "sslyze": {
            "hashes": [
                "sha256:76a50297aa2e3f4d8e2660865ca648eff672b0a5967fa052bb26b8b05e0d3ff9"
            ],
            "index": "pypi",
            "version": "==4.1.0"
        },
        "tls-parser": {
            "hashes": [
                "sha256:83e4cb15b88b00fad1a856ff54731cc095c7e4f1ff90d09eaa24a5f48854da93"
            ],
            "version": "==1.2.2"
        },
        "urllib3": {
            "hashes": [
                "sha256:4987c65554f7a2dbf30c18fd48778ef124af6fab771a377103da0585e2336ece",
                "sha256:c4fdf4019605b6e5423637e01bc9fe4daef873709a7973e195ceba0a62bbc844"
            ],
            "markers": "python_version >= '2.7' and python_version not in '3.0, 3.1, 3.2, 3.3, 3.4' and python_version < '4'",
            "version": "==1.26.7"
        },
        "wrapt": {
            "hashes": [
                "sha256:b62ffa81fb85f4332a4f609cab4ac40709470da05643a082ec1eb88e6d9b97d7"
            ],
            "version": "==1.12.1"
        }
    },
    "develop": {
        "black": {
            "editable": true,
            "git": "https://github.com/psf/black.git",
            "ref": "a8b4665e7d6eb945c47820adb1a3f8b006adce0c"
        },
        "click": {
            "hashes": [
                "sha256:8c04c11192119b1ef78ea049e0a6f0463e4c48ef00a30160c704337586f3ad7a",
                "sha256:fba402a4a47334742d782209a7c79bc448911afe1149d07bdabdf480b3e2f4b6"
            ],
            "markers": "python_version >= '3.6'",
            "version": "==8.0.1"
        },
        "mypy-extensions": {
            "hashes": [
                "sha256:090fedd75945a69ae91ce1303b5824f428daf5a028d2f6ab8a299250a846f15d",
                "sha256:2d82818f5bb3e369420cb3c4060a7970edba416647068eb4c5343488a6c604a8"
            ],
            "version": "==0.4.3"
        },
        "pathspec": {
            "hashes": [
                "sha256:7d15c4ddb0b5c802d161efc417ec1a2558ea2653c2e8ad9c19098201dc1c993a",
                "sha256:e564499435a2673d586f6b2130bb5b95f04a3ba06f81b8f895b651a3c76aabb1"
            ],
            "version": "==0.9.0"
        },
        "platformdirs": {
            "hashes": [
                "sha256:367a5e80b3d04d2428ffa76d33f124cf11e8fff2acdaa9b43d545f5c7d661ef2",
                "sha256:8868bbe3c3c80d42f20156f22e7131d2fb321f5bc86a2a345375c6481a67021d"
            ],
            "markers": "python_version >= '3.6'",
            "version": "==2.4.0"
        },
        "regex": {
            "hashes": [
                "sha256:0628ed7d6334e8f896f882a5c1240de8c4d9b0dd7c7fb8e9f4692f5684b7d656",
                "sha256:09eb62654030f39f3ba46bc6726bea464069c29d00a9709e28c9ee9623a8da4a",
                "sha256:0bba1f6df4eafe79db2ecf38835c2626dbd47911e0516f6962c806f83e7a99ae",
                "sha256:10a7a9cbe30bd90b7d9a1b4749ef20e13a3528e4215a2852be35784b6bd070f0",
                "sha256:17310b181902e0bb42b29c700e2c2346b8d81f26e900b1328f642e225c88bce1",
                "sha256:1e8d1898d4fb817120a5f684363b30108d7b0b46c7261264b100d14ec90a70e7",
                "sha256:2054dea683f1bda3a804fcfdb0c1c74821acb968093d0be16233873190d459e3",
                "sha256:29385c4dbb3f8b3a55ce13de6a97a3d21bd00de66acd7cdfc0b49cb2f08c906c",
                "sha256:295bc8a13554a25ad31e44c4bedabd3c3e28bba027e4feeb9bb157647a2344a7",
                "sha256:2cdb3789736f91d0b3333ac54d12a7e4f9efbc98f53cb905d3496259a893a8b3",
                "sha256:3baf3eaa41044d4ced2463fd5d23bf7bd4b03d68739c6c99a59ce1f95599a673",
                "sha256:4e61100200fa6ab7c99b61476f9f9653962ae71b931391d0264acfb4d9527d9c",
                "sha256:6266fde576e12357b25096351aac2b4b880b0066263e7bc7a9a1b4307991bb0e",
                "sha256:650c4f1fc4273f4e783e1d8e8b51a3e2311c2488ba0fcae6425b1e2c248a189d",
                "sha256:658e3477676009083422042c4bac2bdad77b696e932a3de001c42cc046f8eda2",
                "sha256:6adc1bd68f81968c9d249aab8c09cdc2cbe384bf2d2cb7f190f56875000cdc72",
                "sha256:6c4d83d21d23dd854ffbc8154cf293f4e43ba630aa9bd2539c899343d7f59da3",
                "sha256:6f74b6d8f59f3cfb8237e25c532b11f794b96f5c89a6f4a25857d85f84fbef11",
                "sha256:7783d89bd5413d183a38761fbc68279b984b9afcfbb39fa89d91f63763fbfb90",
                "sha256:7e3536f305f42ad6d31fc86636c54c7dafce8d634e56fef790fbacb59d499dd5",
                "sha256:821e10b73e0898544807a0692a276e539e5bafe0a055506a6882814b6a02c3ec",
                "sha256:835962f432bce92dc9bf22903d46c50003c8d11b1dc64084c8fae63bca98564a",
                "sha256:85c61bee5957e2d7be390392feac7e1d7abd3a49cbaed0c8cee1541b784c8561",
                "sha256:86f9931eb92e521809d4b64ec8514f18faa8e11e97d6c2d1afa1bcf6c20a8eab",
                "sha256:8a5c2250c0a74428fd5507ae8853706fdde0f23bfb62ee1ec9418eeacf216078",
                "sha256:8aec4b4da165c4a64ea80443c16e49e3b15df0f56c124ac5f2f8708a65a0eddc",
                "sha256:8c268e78d175798cd71d29114b0a1f1391c7d011995267d3b62319ec1a4ecaa1",
                "sha256:8d80087320632457aefc73f686f66139801959bf5b066b4419b92be85be3543c",
                "sha256:95e89a8558c8c48626dcffdf9c8abac26b7c251d352688e7ab9baf351e1c7da6",
                "sha256:9c371dd326289d85906c27ec2bc1dcdedd9d0be12b543d16e37bad35754bde48",
                "sha256:9c7cb25adba814d5f419733fe565f3289d6fa629ab9e0b78f6dff5fa94ab0456",
                "sha256:a731552729ee8ae9c546fb1c651c97bf5f759018fdd40d0e9b4d129e1e3a44c8",
                "sha256:aea4006b73b555fc5bdb650a8b92cf486d678afa168cf9b38402bb60bf0f9c18",
                "sha256:b0e3f59d3c772f2c3baaef2db425e6fc4149d35a052d874bb95ccfca10a1b9f4",
                "sha256:b15dc34273aefe522df25096d5d087abc626e388a28a28ac75a4404bb7668736",
                "sha256:c000635fd78400a558bd7a3c2981bb2a430005ebaa909d31e6e300719739a949",
                "sha256:c31f35a984caffb75f00a86852951a337540b44e4a22171354fb760cefa09346",
                "sha256:c50a6379763c733562b1fee877372234d271e5c78cd13ade5f25978aa06744db",
                "sha256:c94722bf403b8da744b7d0bb87e1f2529383003ceec92e754f768ef9323f69ad",
                "sha256:dcbbc9cfa147d55a577d285fd479b43103188855074552708df7acc31a476dd9",
                "sha256:fb9f5844db480e2ef9fce3a72e71122dd010ab7b2920f777966ba25f7eb63819"
            ],
            "version": "==2021.9.24"
        },
        "tomli": {
            "hashes": [
                "sha256:8dd0e9524d6f386271a36b41dbf6c57d8e32fd96fd22b6584679dc569d20899f",
                "sha256:a5b75cb6f3968abb47af1b40c1819dc519ea82bcc065776a866e8d74c5ca9442"
            ],
            "markers": "python_version >= '3.6'",
            "version": "==1.2.1"
        },
        "typing-extensions": {
            "hashes": [
                "sha256:49f75d16ff11f1cd258e1b988ccff82a3ca5570217d7ad8c5f48205dd99a677e",
                "sha256:d8226d10bc02a29bcc81df19a26e56a9647f8b0a6d4a83924139f4a8b01f17b7",
                "sha256:f1d25edafde516b146ecd0613dabcc61409817af4766fbbcfb8d1ad4ec441a34"
            ],
            "version": "==3.10.0.2"
        }
    }
}
